// !$*UTF8*$!
{
	archiveVersion = 1;
	classes = {
	};
	objectVersion = 46;
	objects = {

/* Begin PBXBuildFile section */
		AB2D47491A8551F30058DDDF /* sleepAvatar2.sql in Resources */ = {isa = PBXBuildFile; fileRef = AB2D47481A8551F30058DDDF /* sleepAvatar2.sql */; };
		AB2D474C1A8571650058DDDF /* AboutSleepViewController.m in Sources */ = {isa = PBXBuildFile; fileRef = AB2D474B1A8571650058DDDF /* AboutSleepViewController.m */; };
		AB2D47561A85774C0058DDDF /* icon-back.png in Resources */ = {isa = PBXBuildFile; fileRef = AB2D47551A85774C0058DDDF /* icon-back.png */; };
		AB2D47581A8578E90058DDDF /* icon-back-text.png in Resources */ = {isa = PBXBuildFile; fileRef = AB2D47571A8578E90058DDDF /* icon-back-text.png */; };
		ABDC441F1A8021D70048EBE6 /* Foundation.framework in Frameworks */ = {isa = PBXBuildFile; fileRef = ABDC441E1A8021D70048EBE6 /* Foundation.framework */; };
		ABDC44211A8021D70048EBE6 /* CoreGraphics.framework in Frameworks */ = {isa = PBXBuildFile; fileRef = ABDC44201A8021D70048EBE6 /* CoreGraphics.framework */; };
		ABDC44231A8021D70048EBE6 /* UIKit.framework in Frameworks */ = {isa = PBXBuildFile; fileRef = ABDC44221A8021D70048EBE6 /* UIKit.framework */; };
		ABDC44291A8021D70048EBE6 /* InfoPlist.strings in Resources */ = {isa = PBXBuildFile; fileRef = ABDC44271A8021D70048EBE6 /* InfoPlist.strings */; };
		ABDC442B1A8021D70048EBE6 /* main.m in Sources */ = {isa = PBXBuildFile; fileRef = ABDC442A1A8021D70048EBE6 /* main.m */; };
		ABDC442F1A8021D70048EBE6 /* AppDelegate.m in Sources */ = {isa = PBXBuildFile; fileRef = ABDC442E1A8021D70048EBE6 /* AppDelegate.m */; };
		ABDC44321A8021D70048EBE6 /* Main.storyboard in Resources */ = {isa = PBXBuildFile; fileRef = ABDC44301A8021D70048EBE6 /* Main.storyboard */; };
		ABDC44371A8021D70048EBE6 /* Images.xcassets in Resources */ = {isa = PBXBuildFile; fileRef = ABDC44361A8021D70048EBE6 /* Images.xcassets */; };
		ABDC443E1A8021D70048EBE6 /* XCTest.framework in Frameworks */ = {isa = PBXBuildFile; fileRef = ABDC443D1A8021D70048EBE6 /* XCTest.framework */; };
		ABDC443F1A8021D70048EBE6 /* Foundation.framework in Frameworks */ = {isa = PBXBuildFile; fileRef = ABDC441E1A8021D70048EBE6 /* Foundation.framework */; };
		ABDC44401A8021D70048EBE6 /* UIKit.framework in Frameworks */ = {isa = PBXBuildFile; fileRef = ABDC44221A8021D70048EBE6 /* UIKit.framework */; };
		ABDC44481A8021D70048EBE6 /* InfoPlist.strings in Resources */ = {isa = PBXBuildFile; fileRef = ABDC44461A8021D70048EBE6 /* InfoPlist.strings */; };
		ABDC444A1A8021D70048EBE6 /* SleepAvatarTests.m in Sources */ = {isa = PBXBuildFile; fileRef = ABDC44491A8021D70048EBE6 /* SleepAvatarTests.m */; };
		ABDC44581A802AB90048EBE6 /* DBManager.m in Sources */ = {isa = PBXBuildFile; fileRef = ABDC44571A802AB90048EBE6 /* DBManager.m */; };
		ABDC445A1A802ACD0048EBE6 /* sleepAvatar.sql in Resources */ = {isa = PBXBuildFile; fileRef = ABDC44591A802ACD0048EBE6 /* sleepAvatar.sql */; };
		ABDC445C1A802C390048EBE6 /* libsqlite3.dylib in Frameworks */ = {isa = PBXBuildFile; fileRef = ABDC445B1A802C390048EBE6 /* libsqlite3.dylib */; };
		ABDC446B1A802D5E0048EBE6 /* ECPercentDrivenInteractiveTransition.m in Sources */ = {isa = PBXBuildFile; fileRef = ABDC445F1A802D5E0048EBE6 /* ECPercentDrivenInteractiveTransition.m */; };
		ABDC446C1A802D5E0048EBE6 /* ECSlidingAnimationController.m in Sources */ = {isa = PBXBuildFile; fileRef = ABDC44611A802D5E0048EBE6 /* ECSlidingAnimationController.m */; };
		ABDC446D1A802D5E0048EBE6 /* ECSlidingInteractiveTransition.m in Sources */ = {isa = PBXBuildFile; fileRef = ABDC44641A802D5E0048EBE6 /* ECSlidingInteractiveTransition.m */; };
		ABDC446E1A802D5E0048EBE6 /* ECSlidingSegue.m in Sources */ = {isa = PBXBuildFile; fileRef = ABDC44661A802D5E0048EBE6 /* ECSlidingSegue.m */; };
		ABDC446F1A802D5E0048EBE6 /* ECSlidingViewController.m in Sources */ = {isa = PBXBuildFile; fileRef = ABDC44681A802D5E0048EBE6 /* ECSlidingViewController.m */; };
		ABDC44701A802D5E0048EBE6 /* UIViewController+ECSlidingViewController.m in Sources */ = {isa = PBXBuildFile; fileRef = ABDC446A1A802D5E0048EBE6 /* UIViewController+ECSlidingViewController.m */; };
		ABDC44731A802E370048EBE6 /* AvatarViewController.m in Sources */ = {isa = PBXBuildFile; fileRef = ABDC44721A802E370048EBE6 /* AvatarViewController.m */; };
		ABDC44761A802E830048EBE6 /* NavigationViewController.m in Sources */ = {isa = PBXBuildFile; fileRef = ABDC44751A802E830048EBE6 /* NavigationViewController.m */; };
		ABDC448E1A802F9C0048EBE6 /* icon-achievement-active.png in Resources */ = {isa = PBXBuildFile; fileRef = ABDC44781A802F9C0048EBE6 /* icon-achievement-active.png */; };
		ABDC448F1A802F9C0048EBE6 /* icon-achievement.png in Resources */ = {isa = PBXBuildFile; fileRef = ABDC44791A802F9C0048EBE6 /* icon-achievement.png */; };
		ABDC44901A802F9C0048EBE6 /* icon-app-120.png in Resources */ = {isa = PBXBuildFile; fileRef = ABDC447A1A802F9C0048EBE6 /* icon-app-120.png */; };
		ABDC44911A802F9C0048EBE6 /* icon-app-58.png in Resources */ = {isa = PBXBuildFile; fileRef = ABDC447B1A802F9C0048EBE6 /* icon-app-58.png */; };
		ABDC44921A802F9C0048EBE6 /* icon-app-80.png in Resources */ = {isa = PBXBuildFile; fileRef = ABDC447C1A802F9C0048EBE6 /* icon-app-80.png */; };
		ABDC44931A802F9C0048EBE6 /* icon-avatar.png in Resources */ = {isa = PBXBuildFile; fileRef = ABDC447D1A802F9C0048EBE6 /* icon-avatar.png */; };
		ABDC44941A802F9C0048EBE6 /* icon-avatar-active.png in Resources */ = {isa = PBXBuildFile; fileRef = ABDC447E1A802F9C0048EBE6 /* icon-avatar-active.png */; };
		ABDC44951A802F9C0048EBE6 /* icon-duration-25.png in Resources */ = {isa = PBXBuildFile; fileRef = ABDC447F1A802F9C0048EBE6 /* icon-duration-25.png */; };
		ABDC44961A802F9C0048EBE6 /* icon-duration-30.png in Resources */ = {isa = PBXBuildFile; fileRef = ABDC44801A802F9C0048EBE6 /* icon-duration-30.png */; };
		ABDC44971A802F9C0048EBE6 /* icon-latency-25.png in Resources */ = {isa = PBXBuildFile; fileRef = ABDC44811A802F9C0048EBE6 /* icon-latency-25.png */; };
		ABDC44981A802F9C0048EBE6 /* icon-latency-30.png in Resources */ = {isa = PBXBuildFile; fileRef = ABDC44821A802F9C0048EBE6 /* icon-latency-30.png */; };
		ABDC44991A802F9C0048EBE6 /* icon-menu.png in Resources */ = {isa = PBXBuildFile; fileRef = ABDC44831A802F9C0048EBE6 /* icon-menu.png */; };
		ABDC449A1A802F9C0048EBE6 /* icon-sleep-graph-active.png in Resources */ = {isa = PBXBuildFile; fileRef = ABDC44841A802F9C0048EBE6 /* icon-sleep-graph-active.png */; };
		ABDC449B1A802F9C0048EBE6 /* icon-sleep-graph.png in Resources */ = {isa = PBXBuildFile; fileRef = ABDC44851A802F9C0048EBE6 /* icon-sleep-graph.png */; };
		ABDC449C1A802F9C0048EBE6 /* icon-start-sleep-active.png in Resources */ = {isa = PBXBuildFile; fileRef = ABDC44861A802F9C0048EBE6 /* icon-start-sleep-active.png */; };
		ABDC449D1A802F9C0048EBE6 /* icon-start-sleep.png in Resources */ = {isa = PBXBuildFile; fileRef = ABDC44871A802F9C0048EBE6 /* icon-start-sleep.png */; };
		ABDC449E1A802F9C0048EBE6 /* avatar-f-1-0.png in Resources */ = {isa = PBXBuildFile; fileRef = ABDC44891A802F9C0048EBE6 /* avatar-f-1-0.png */; };
		ABDC449F1A802F9C0048EBE6 /* avatar-m-1-0.png in Resources */ = {isa = PBXBuildFile; fileRef = ABDC448A1A802F9C0048EBE6 /* avatar-m-1-0.png */; };
		ABDC44A01A802F9C0048EBE6 /* codeavatar-f-1-111.png in Resources */ = {isa = PBXBuildFile; fileRef = ABDC448B1A802F9C0048EBE6 /* codeavatar-f-1-111.png */; };
		ABDC44A11A802F9C0048EBE6 /* codeavatar-m-1-111.png in Resources */ = {isa = PBXBuildFile; fileRef = ABDC448C1A802F9C0048EBE6 /* codeavatar-m-1-111.png */; };
		ABDC44A21A802F9C0048EBE6 /* recommand-1.jpg in Resources */ = {isa = PBXBuildFile; fileRef = ABDC448D1A802F9C0048EBE6 /* recommand-1.jpg */; };
		ABDC44A51A803AEE0048EBE6 /* SleepGraphListViewController.m in Sources */ = {isa = PBXBuildFile; fileRef = ABDC44A41A803AEE0048EBE6 /* SleepGraphListViewController.m */; };
		ABDC44A91A803D740048EBE6 /* SleepGraphListTableViewCell.m in Sources */ = {isa = PBXBuildFile; fileRef = ABDC44A81A803D740048EBE6 /* SleepGraphListTableViewCell.m */; };
		ABDC44AC1A8042670048EBE6 /* SleepGraphDetailViewController.m in Sources */ = {isa = PBXBuildFile; fileRef = ABDC44AB1A8042670048EBE6 /* SleepGraphDetailViewController.m */; };
		ABDC44B31A8045C90048EBE6 /* SHPieChartView.m in Sources */ = {isa = PBXBuildFile; fileRef = ABDC44AF1A8045C90048EBE6 /* SHPieChartView.m */; };
		ABDC44B41A8045C90048EBE6 /* SimpleBarChart.m in Sources */ = {isa = PBXBuildFile; fileRef = ABDC44B21A8045C90048EBE6 /* SimpleBarChart.m */; };
		ABDC44B61A804AE90048EBE6 /* QuartzCore.framework in Frameworks */ = {isa = PBXBuildFile; fileRef = ABDC44B51A804AE90048EBE6 /* QuartzCore.framework */; };
		ABDC44B81A804AFB0048EBE6 /* CoreMotion.framework in Frameworks */ = {isa = PBXBuildFile; fileRef = ABDC44B71A804AFB0048EBE6 /* CoreMotion.framework */; };
		ABDC44BB1A804DB10048EBE6 /* AchievementViewController.m in Sources */ = {isa = PBXBuildFile; fileRef = ABDC44BA1A804DB10048EBE6 /* AchievementViewController.m */; };
		ABDC44BE1A80523C0048EBE6 /* StartSleepRecommandViewController.m in Sources */ = {isa = PBXBuildFile; fileRef = ABDC44BD1A80523C0048EBE6 /* StartSleepRecommandViewController.m */; };
		ABDC44C11A8057110048EBE6 /* StartSleepDetectViewController.m in Sources */ = {isa = PBXBuildFile; fileRef = ABDC44C01A8057110048EBE6 /* StartSleepDetectViewController.m */; };
/* End PBXBuildFile section */

/* Begin PBXContainerItemProxy section */
		ABDC44411A8021D70048EBE6 /* PBXContainerItemProxy */ = {
			isa = PBXContainerItemProxy;
			containerPortal = ABDC44131A8021D70048EBE6 /* Project object */;
			proxyType = 1;
			remoteGlobalIDString = ABDC441A1A8021D70048EBE6;
			remoteInfo = SleepAvatar;
		};
/* End PBXContainerItemProxy section */

/* Begin PBXFileReference section */
		AB2D47481A8551F30058DDDF /* sleepAvatar2.sql */ = {isa = PBXFileReference; lastKnownFileType = file; path = sleepAvatar2.sql; sourceTree = "<group>"; };
		AB2D474A1A8571650058DDDF /* AboutSleepViewController.h */ = {isa = PBXFileReference; fileEncoding = 4; lastKnownFileType = sourcecode.c.h; path = AboutSleepViewController.h; sourceTree = "<group>"; };
		AB2D474B1A8571650058DDDF /* AboutSleepViewController.m */ = {isa = PBXFileReference; fileEncoding = 4; lastKnownFileType = sourcecode.c.objc; path = AboutSleepViewController.m; sourceTree = "<group>"; };
		AB2D47551A85774C0058DDDF /* icon-back.png */ = {isa = PBXFileReference; lastKnownFileType = image.png; path = "icon-back.png"; sourceTree = "<group>"; };
		AB2D47571A8578E90058DDDF /* icon-back-text.png */ = {isa = PBXFileReference; lastKnownFileType = image.png; path = "icon-back-text.png"; sourceTree = "<group>"; };
		ABDC441B1A8021D70048EBE6 /* SleepAvatar.app */ = {isa = PBXFileReference; explicitFileType = wrapper.application; includeInIndex = 0; path = SleepAvatar.app; sourceTree = BUILT_PRODUCTS_DIR; };
		ABDC441E1A8021D70048EBE6 /* Foundation.framework */ = {isa = PBXFileReference; lastKnownFileType = wrapper.framework; name = Foundation.framework; path = System/Library/Frameworks/Foundation.framework; sourceTree = SDKROOT; };
		ABDC44201A8021D70048EBE6 /* CoreGraphics.framework */ = {isa = PBXFileReference; lastKnownFileType = wrapper.framework; name = CoreGraphics.framework; path = System/Library/Frameworks/CoreGraphics.framework; sourceTree = SDKROOT; };
		ABDC44221A8021D70048EBE6 /* UIKit.framework */ = {isa = PBXFileReference; lastKnownFileType = wrapper.framework; name = UIKit.framework; path = System/Library/Frameworks/UIKit.framework; sourceTree = SDKROOT; };
		ABDC44261A8021D70048EBE6 /* SleepAvatar-Info.plist */ = {isa = PBXFileReference; lastKnownFileType = text.plist.xml; path = "SleepAvatar-Info.plist"; sourceTree = "<group>"; };
		ABDC44281A8021D70048EBE6 /* en */ = {isa = PBXFileReference; lastKnownFileType = text.plist.strings; name = en; path = en.lproj/InfoPlist.strings; sourceTree = "<group>"; };
		ABDC442A1A8021D70048EBE6 /* main.m */ = {isa = PBXFileReference; lastKnownFileType = sourcecode.c.objc; path = main.m; sourceTree = "<group>"; };
		ABDC442C1A8021D70048EBE6 /* SleepAvatar-Prefix.pch */ = {isa = PBXFileReference; lastKnownFileType = sourcecode.c.h; path = "SleepAvatar-Prefix.pch"; sourceTree = "<group>"; };
		ABDC442D1A8021D70048EBE6 /* AppDelegate.h */ = {isa = PBXFileReference; lastKnownFileType = sourcecode.c.h; path = AppDelegate.h; sourceTree = "<group>"; };
		ABDC442E1A8021D70048EBE6 /* AppDelegate.m */ = {isa = PBXFileReference; lastKnownFileType = sourcecode.c.objc; path = AppDelegate.m; sourceTree = "<group>"; };
		ABDC44311A8021D70048EBE6 /* Base */ = {isa = PBXFileReference; lastKnownFileType = file.storyboard; name = Base; path = Base.lproj/Main.storyboard; sourceTree = "<group>"; };
		ABDC44361A8021D70048EBE6 /* Images.xcassets */ = {isa = PBXFileReference; lastKnownFileType = folder.assetcatalog; path = Images.xcassets; sourceTree = "<group>"; };
		ABDC443C1A8021D70048EBE6 /* SleepAvatarTests.xctest */ = {isa = PBXFileReference; explicitFileType = wrapper.cfbundle; includeInIndex = 0; path = SleepAvatarTests.xctest; sourceTree = BUILT_PRODUCTS_DIR; };
		ABDC443D1A8021D70048EBE6 /* XCTest.framework */ = {isa = PBXFileReference; lastKnownFileType = wrapper.framework; name = XCTest.framework; path = Library/Frameworks/XCTest.framework; sourceTree = DEVELOPER_DIR; };
		ABDC44451A8021D70048EBE6 /* SleepAvatarTests-Info.plist */ = {isa = PBXFileReference; lastKnownFileType = text.plist.xml; path = "SleepAvatarTests-Info.plist"; sourceTree = "<group>"; };
		ABDC44471A8021D70048EBE6 /* en */ = {isa = PBXFileReference; lastKnownFileType = text.plist.strings; name = en; path = en.lproj/InfoPlist.strings; sourceTree = "<group>"; };
		ABDC44491A8021D70048EBE6 /* SleepAvatarTests.m */ = {isa = PBXFileReference; lastKnownFileType = sourcecode.c.objc; path = SleepAvatarTests.m; sourceTree = "<group>"; };
		ABDC44561A802AB90048EBE6 /* DBManager.h */ = {isa = PBXFileReference; fileEncoding = 4; lastKnownFileType = sourcecode.c.h; path = DBManager.h; sourceTree = "<group>"; };
		ABDC44571A802AB90048EBE6 /* DBManager.m */ = {isa = PBXFileReference; fileEncoding = 4; lastKnownFileType = sourcecode.c.objc; path = DBManager.m; sourceTree = "<group>"; };
		ABDC44591A802ACD0048EBE6 /* sleepAvatar.sql */ = {isa = PBXFileReference; lastKnownFileType = file; path = sleepAvatar.sql; sourceTree = "<group>"; };
		ABDC445B1A802C390048EBE6 /* libsqlite3.dylib */ = {isa = PBXFileReference; lastKnownFileType = "compiled.mach-o.dylib"; name = libsqlite3.dylib; path = usr/lib/libsqlite3.dylib; sourceTree = SDKROOT; };
		ABDC445E1A802D5E0048EBE6 /* ECPercentDrivenInteractiveTransition.h */ = {isa = PBXFileReference; fileEncoding = 4; lastKnownFileType = sourcecode.c.h; path = ECPercentDrivenInteractiveTransition.h; sourceTree = "<group>"; };
		ABDC445F1A802D5E0048EBE6 /* ECPercentDrivenInteractiveTransition.m */ = {isa = PBXFileReference; fileEncoding = 4; lastKnownFileType = sourcecode.c.objc; path = ECPercentDrivenInteractiveTransition.m; sourceTree = "<group>"; };
		ABDC44601A802D5E0048EBE6 /* ECSlidingAnimationController.h */ = {isa = PBXFileReference; fileEncoding = 4; lastKnownFileType = sourcecode.c.h; path = ECSlidingAnimationController.h; sourceTree = "<group>"; };
		ABDC44611A802D5E0048EBE6 /* ECSlidingAnimationController.m */ = {isa = PBXFileReference; fileEncoding = 4; lastKnownFileType = sourcecode.c.objc; path = ECSlidingAnimationController.m; sourceTree = "<group>"; };
		ABDC44621A802D5E0048EBE6 /* ECSlidingConstants.h */ = {isa = PBXFileReference; fileEncoding = 4; lastKnownFileType = sourcecode.c.h; path = ECSlidingConstants.h; sourceTree = "<group>"; };
		ABDC44631A802D5E0048EBE6 /* ECSlidingInteractiveTransition.h */ = {isa = PBXFileReference; fileEncoding = 4; lastKnownFileType = sourcecode.c.h; path = ECSlidingInteractiveTransition.h; sourceTree = "<group>"; };
		ABDC44641A802D5E0048EBE6 /* ECSlidingInteractiveTransition.m */ = {isa = PBXFileReference; fileEncoding = 4; lastKnownFileType = sourcecode.c.objc; path = ECSlidingInteractiveTransition.m; sourceTree = "<group>"; };
		ABDC44651A802D5E0048EBE6 /* ECSlidingSegue.h */ = {isa = PBXFileReference; fileEncoding = 4; lastKnownFileType = sourcecode.c.h; path = ECSlidingSegue.h; sourceTree = "<group>"; };
		ABDC44661A802D5E0048EBE6 /* ECSlidingSegue.m */ = {isa = PBXFileReference; fileEncoding = 4; lastKnownFileType = sourcecode.c.objc; path = ECSlidingSegue.m; sourceTree = "<group>"; };
		ABDC44671A802D5E0048EBE6 /* ECSlidingViewController.h */ = {isa = PBXFileReference; fileEncoding = 4; lastKnownFileType = sourcecode.c.h; path = ECSlidingViewController.h; sourceTree = "<group>"; };
		ABDC44681A802D5E0048EBE6 /* ECSlidingViewController.m */ = {isa = PBXFileReference; fileEncoding = 4; lastKnownFileType = sourcecode.c.objc; path = ECSlidingViewController.m; sourceTree = "<group>"; };
		ABDC44691A802D5E0048EBE6 /* UIViewController+ECSlidingViewController.h */ = {isa = PBXFileReference; fileEncoding = 4; lastKnownFileType = sourcecode.c.h; path = "UIViewController+ECSlidingViewController.h"; sourceTree = "<group>"; };
		ABDC446A1A802D5E0048EBE6 /* UIViewController+ECSlidingViewController.m */ = {isa = PBXFileReference; fileEncoding = 4; lastKnownFileType = sourcecode.c.objc; path = "UIViewController+ECSlidingViewController.m"; sourceTree = "<group>"; };
		ABDC44711A802E370048EBE6 /* AvatarViewController.h */ = {isa = PBXFileReference; fileEncoding = 4; lastKnownFileType = sourcecode.c.h; path = AvatarViewController.h; sourceTree = "<group>"; };
		ABDC44721A802E370048EBE6 /* AvatarViewController.m */ = {isa = PBXFileReference; fileEncoding = 4; lastKnownFileType = sourcecode.c.objc; path = AvatarViewController.m; sourceTree = "<group>"; };
		ABDC44741A802E830048EBE6 /* NavigationViewController.h */ = {isa = PBXFileReference; fileEncoding = 4; lastKnownFileType = sourcecode.c.h; path = NavigationViewController.h; sourceTree = "<group>"; };
		ABDC44751A802E830048EBE6 /* NavigationViewController.m */ = {isa = PBXFileReference; fileEncoding = 4; lastKnownFileType = sourcecode.c.objc; path = NavigationViewController.m; sourceTree = "<group>"; };
		ABDC44781A802F9C0048EBE6 /* icon-achievement-active.png */ = {isa = PBXFileReference; lastKnownFileType = image.png; path = "icon-achievement-active.png"; sourceTree = "<group>"; };
		ABDC44791A802F9C0048EBE6 /* icon-achievement.png */ = {isa = PBXFileReference; lastKnownFileType = image.png; path = "icon-achievement.png"; sourceTree = "<group>"; };
		ABDC447A1A802F9C0048EBE6 /* icon-app-120.png */ = {isa = PBXFileReference; lastKnownFileType = image.png; path = "icon-app-120.png"; sourceTree = "<group>"; };
		ABDC447B1A802F9C0048EBE6 /* icon-app-58.png */ = {isa = PBXFileReference; lastKnownFileType = image.png; path = "icon-app-58.png"; sourceTree = "<group>"; };
		ABDC447C1A802F9C0048EBE6 /* icon-app-80.png */ = {isa = PBXFileReference; lastKnownFileType = image.png; path = "icon-app-80.png"; sourceTree = "<group>"; };
		ABDC447D1A802F9C0048EBE6 /* icon-avatar.png */ = {isa = PBXFileReference; lastKnownFileType = image.png; path = "icon-avatar.png"; sourceTree = "<group>"; };
		ABDC447E1A802F9C0048EBE6 /* icon-avatar-active.png */ = {isa = PBXFileReference; lastKnownFileType = image.png; path = "icon-avatar-active.png"; sourceTree = "<group>"; };
		ABDC447F1A802F9C0048EBE6 /* icon-duration-25.png */ = {isa = PBXFileReference; lastKnownFileType = image.png; path = "icon-duration-25.png"; sourceTree = "<group>"; };
		ABDC44801A802F9C0048EBE6 /* icon-duration-30.png */ = {isa = PBXFileReference; lastKnownFileType = image.png; path = "icon-duration-30.png"; sourceTree = "<group>"; };
		ABDC44811A802F9C0048EBE6 /* icon-latency-25.png */ = {isa = PBXFileReference; lastKnownFileType = image.png; path = "icon-latency-25.png"; sourceTree = "<group>"; };
		ABDC44821A802F9C0048EBE6 /* icon-latency-30.png */ = {isa = PBXFileReference; lastKnownFileType = image.png; path = "icon-latency-30.png"; sourceTree = "<group>"; };
		ABDC44831A802F9C0048EBE6 /* icon-menu.png */ = {isa = PBXFileReference; lastKnownFileType = image.png; path = "icon-menu.png"; sourceTree = "<group>"; };
		ABDC44841A802F9C0048EBE6 /* icon-sleep-graph-active.png */ = {isa = PBXFileReference; lastKnownFileType = image.png; path = "icon-sleep-graph-active.png"; sourceTree = "<group>"; };
		ABDC44851A802F9C0048EBE6 /* icon-sleep-graph.png */ = {isa = PBXFileReference; lastKnownFileType = image.png; path = "icon-sleep-graph.png"; sourceTree = "<group>"; };
		ABDC44861A802F9C0048EBE6 /* icon-start-sleep-active.png */ = {isa = PBXFileReference; lastKnownFileType = image.png; path = "icon-start-sleep-active.png"; sourceTree = "<group>"; };
		ABDC44871A802F9C0048EBE6 /* icon-start-sleep.png */ = {isa = PBXFileReference; lastKnownFileType = image.png; path = "icon-start-sleep.png"; sourceTree = "<group>"; };
		ABDC44891A802F9C0048EBE6 /* avatar-f-1-0.png */ = {isa = PBXFileReference; lastKnownFileType = image.png; path = "avatar-f-1-0.png"; sourceTree = "<group>"; };
		ABDC448A1A802F9C0048EBE6 /* avatar-m-1-0.png */ = {isa = PBXFileReference; lastKnownFileType = image.png; path = "avatar-m-1-0.png"; sourceTree = "<group>"; };
		ABDC448B1A802F9C0048EBE6 /* codeavatar-f-1-111.png */ = {isa = PBXFileReference; lastKnownFileType = image.png; path = "codeavatar-f-1-111.png"; sourceTree = "<group>"; };
		ABDC448C1A802F9C0048EBE6 /* codeavatar-m-1-111.png */ = {isa = PBXFileReference; lastKnownFileType = image.png; path = "codeavatar-m-1-111.png"; sourceTree = "<group>"; };
		ABDC448D1A802F9C0048EBE6 /* recommand-1.jpg */ = {isa = PBXFileReference; lastKnownFileType = image.jpeg; path = "recommand-1.jpg"; sourceTree = "<group>"; };
		ABDC44A31A803AEE0048EBE6 /* SleepGraphListViewController.h */ = {isa = PBXFileReference; fileEncoding = 4; lastKnownFileType = sourcecode.c.h; path = SleepGraphListViewController.h; sourceTree = "<group>"; };
		ABDC44A41A803AEE0048EBE6 /* SleepGraphListViewController.m */ = {isa = PBXFileReference; fileEncoding = 4; lastKnownFileType = sourcecode.c.objc; path = SleepGraphListViewController.m; sourceTree = "<group>"; };
		ABDC44A71A803D740048EBE6 /* SleepGraphListTableViewCell.h */ = {isa = PBXFileReference; fileEncoding = 4; lastKnownFileType = sourcecode.c.h; path = SleepGraphListTableViewCell.h; sourceTree = "<group>"; };
		ABDC44A81A803D740048EBE6 /* SleepGraphListTableViewCell.m */ = {isa = PBXFileReference; fileEncoding = 4; lastKnownFileType = sourcecode.c.objc; path = SleepGraphListTableViewCell.m; sourceTree = "<group>"; };
		ABDC44AA1A8042670048EBE6 /* SleepGraphDetailViewController.h */ = {isa = PBXFileReference; fileEncoding = 4; lastKnownFileType = sourcecode.c.h; path = SleepGraphDetailViewController.h; sourceTree = "<group>"; };
		ABDC44AB1A8042670048EBE6 /* SleepGraphDetailViewController.m */ = {isa = PBXFileReference; fileEncoding = 4; lastKnownFileType = sourcecode.c.objc; path = SleepGraphDetailViewController.m; sourceTree = "<group>"; };
		ABDC44AE1A8045C90048EBE6 /* SHPieChartView.h */ = {isa = PBXFileReference; fileEncoding = 4; lastKnownFileType = sourcecode.c.h; path = SHPieChartView.h; sourceTree = "<group>"; };
		ABDC44AF1A8045C90048EBE6 /* SHPieChartView.m */ = {isa = PBXFileReference; fileEncoding = 4; lastKnownFileType = sourcecode.c.objc; path = SHPieChartView.m; sourceTree = "<group>"; };
		ABDC44B11A8045C90048EBE6 /* SimpleBarChart.h */ = {isa = PBXFileReference; fileEncoding = 4; lastKnownFileType = sourcecode.c.h; path = SimpleBarChart.h; sourceTree = "<group>"; };
		ABDC44B21A8045C90048EBE6 /* SimpleBarChart.m */ = {isa = PBXFileReference; fileEncoding = 4; lastKnownFileType = sourcecode.c.objc; path = SimpleBarChart.m; sourceTree = "<group>"; };
		ABDC44B51A804AE90048EBE6 /* QuartzCore.framework */ = {isa = PBXFileReference; lastKnownFileType = wrapper.framework; name = QuartzCore.framework; path = System/Library/Frameworks/QuartzCore.framework; sourceTree = SDKROOT; };
		ABDC44B71A804AFB0048EBE6 /* CoreMotion.framework */ = {isa = PBXFileReference; lastKnownFileType = wrapper.framework; name = CoreMotion.framework; path = System/Library/Frameworks/CoreMotion.framework; sourceTree = SDKROOT; };
		ABDC44B91A804DB10048EBE6 /* AchievementViewController.h */ = {isa = PBXFileReference; fileEncoding = 4; lastKnownFileType = sourcecode.c.h; path = AchievementViewController.h; sourceTree = "<group>"; };
		ABDC44BA1A804DB10048EBE6 /* AchievementViewController.m */ = {isa = PBXFileReference; fileEncoding = 4; lastKnownFileType = sourcecode.c.objc; path = AchievementViewController.m; sourceTree = "<group>"; };
		ABDC44BC1A80523C0048EBE6 /* StartSleepRecommandViewController.h */ = {isa = PBXFileReference; fileEncoding = 4; lastKnownFileType = sourcecode.c.h; path = StartSleepRecommandViewController.h; sourceTree = "<group>"; };
		ABDC44BD1A80523C0048EBE6 /* StartSleepRecommandViewController.m */ = {isa = PBXFileReference; fileEncoding = 4; lastKnownFileType = sourcecode.c.objc; path = StartSleepRecommandViewController.m; sourceTree = "<group>"; };
		ABDC44BF1A8057110048EBE6 /* StartSleepDetectViewController.h */ = {isa = PBXFileReference; fileEncoding = 4; lastKnownFileType = sourcecode.c.h; path = StartSleepDetectViewController.h; sourceTree = "<group>"; };
		ABDC44C01A8057110048EBE6 /* StartSleepDetectViewController.m */ = {isa = PBXFileReference; fileEncoding = 4; lastKnownFileType = sourcecode.c.objc; path = StartSleepDetectViewController.m; sourceTree = "<group>"; };
/* End PBXFileReference section */

/* Begin PBXFrameworksBuildPhase section */
		ABDC44181A8021D70048EBE6 /* Frameworks */ = {
			isa = PBXFrameworksBuildPhase;
			buildActionMask = 2147483647;
			files = (
				ABDC445C1A802C390048EBE6 /* libsqlite3.dylib in Frameworks */,
				ABDC44B61A804AE90048EBE6 /* QuartzCore.framework in Frameworks */,
				ABDC44B81A804AFB0048EBE6 /* CoreMotion.framework in Frameworks */,
				ABDC44211A8021D70048EBE6 /* CoreGraphics.framework in Frameworks */,
				ABDC44231A8021D70048EBE6 /* UIKit.framework in Frameworks */,
				ABDC441F1A8021D70048EBE6 /* Foundation.framework in Frameworks */,
			);
			runOnlyForDeploymentPostprocessing = 0;
		};
		ABDC44391A8021D70048EBE6 /* Frameworks */ = {
			isa = PBXFrameworksBuildPhase;
			buildActionMask = 2147483647;
			files = (
				ABDC443E1A8021D70048EBE6 /* XCTest.framework in Frameworks */,
				ABDC44401A8021D70048EBE6 /* UIKit.framework in Frameworks */,
				ABDC443F1A8021D70048EBE6 /* Foundation.framework in Frameworks */,
			);
			runOnlyForDeploymentPostprocessing = 0;
		};
/* End PBXFrameworksBuildPhase section */

/* Begin PBXGroup section */
		ABDC44121A8021D70048EBE6 = {
			isa = PBXGroup;
			children = (
				ABDC44241A8021D70048EBE6 /* SleepAvatar */,
				ABDC44431A8021D70048EBE6 /* SleepAvatarTests */,
				ABDC441D1A8021D70048EBE6 /* Frameworks */,
				ABDC441C1A8021D70048EBE6 /* Products */,
			);
			sourceTree = "<group>";
		};
		ABDC441C1A8021D70048EBE6 /* Products */ = {
			isa = PBXGroup;
			children = (
				ABDC441B1A8021D70048EBE6 /* SleepAvatar.app */,
				ABDC443C1A8021D70048EBE6 /* SleepAvatarTests.xctest */,
			);
			name = Products;
			sourceTree = "<group>";
		};
		ABDC441D1A8021D70048EBE6 /* Frameworks */ = {
			isa = PBXGroup;
			children = (
				ABDC44B71A804AFB0048EBE6 /* CoreMotion.framework */,
				ABDC44B51A804AE90048EBE6 /* QuartzCore.framework */,
				ABDC445B1A802C390048EBE6 /* libsqlite3.dylib */,
				ABDC441E1A8021D70048EBE6 /* Foundation.framework */,
				ABDC44201A8021D70048EBE6 /* CoreGraphics.framework */,
				ABDC44221A8021D70048EBE6 /* UIKit.framework */,
				ABDC443D1A8021D70048EBE6 /* XCTest.framework */,
			);
			name = Frameworks;
			sourceTree = "<group>";
		};
		ABDC44241A8021D70048EBE6 /* SleepAvatar */ = {
			isa = PBXGroup;
			children = (
				ABDC442D1A8021D70048EBE6 /* AppDelegate.h */,
				ABDC442E1A8021D70048EBE6 /* AppDelegate.m */,
				ABDC44301A8021D70048EBE6 /* Main.storyboard */,
				ABDC44711A802E370048EBE6 /* AvatarViewController.h */,
				ABDC44721A802E370048EBE6 /* AvatarViewController.m */,
				ABDC44A31A803AEE0048EBE6 /* SleepGraphListViewController.h */,
				ABDC44A41A803AEE0048EBE6 /* SleepGraphListViewController.m */,
				ABDC44AA1A8042670048EBE6 /* SleepGraphDetailViewController.h */,
				ABDC44AB1A8042670048EBE6 /* SleepGraphDetailViewController.m */,
				ABDC44B91A804DB10048EBE6 /* AchievementViewController.h */,
				ABDC44BA1A804DB10048EBE6 /* AchievementViewController.m */,
				ABDC44BC1A80523C0048EBE6 /* StartSleepRecommandViewController.h */,
				ABDC44BD1A80523C0048EBE6 /* StartSleepRecommandViewController.m */,
				ABDC44BF1A8057110048EBE6 /* StartSleepDetectViewController.h */,
				ABDC44C01A8057110048EBE6 /* StartSleepDetectViewController.m */,
				ABDC44741A802E830048EBE6 /* NavigationViewController.h */,
				ABDC44751A802E830048EBE6 /* NavigationViewController.m */,
				AB2D474A1A8571650058DDDF /* AboutSleepViewController.h */,
				AB2D474B1A8571650058DDDF /* AboutSleepViewController.m */,
				ABDC44A61A803D450048EBE6 /* CustomTableCell */,
				ABDC44541A8029D40048EBE6 /* Images */,
				ABDC44531A80296E0048EBE6 /* Extension */,
				ABDC44361A8021D70048EBE6 /* Images.xcassets */,
				ABDC44251A8021D70048EBE6 /* Supporting Files */,
			);
			path = SleepAvatar;
			sourceTree = "<group>";
		};
		ABDC44251A8021D70048EBE6 /* Supporting Files */ = {
			isa = PBXGroup;
			children = (
				ABDC44591A802ACD0048EBE6 /* sleepAvatar.sql */,
				AB2D47481A8551F30058DDDF /* sleepAvatar2.sql */,
				ABDC44261A8021D70048EBE6 /* SleepAvatar-Info.plist */,
				ABDC44271A8021D70048EBE6 /* InfoPlist.strings */,
				ABDC442A1A8021D70048EBE6 /* main.m */,
				ABDC442C1A8021D70048EBE6 /* SleepAvatar-Prefix.pch */,
			);
			name = "Supporting Files";
			sourceTree = "<group>";
		};
		ABDC44431A8021D70048EBE6 /* SleepAvatarTests */ = {
			isa = PBXGroup;
			children = (
				ABDC44491A8021D70048EBE6 /* SleepAvatarTests.m */,
				ABDC44441A8021D70048EBE6 /* Supporting Files */,
			);
			path = SleepAvatarTests;
			sourceTree = "<group>";
		};
		ABDC44441A8021D70048EBE6 /* Supporting Files */ = {
			isa = PBXGroup;
			children = (
				ABDC44451A8021D70048EBE6 /* SleepAvatarTests-Info.plist */,
				ABDC44461A8021D70048EBE6 /* InfoPlist.strings */,
			);
			name = "Supporting Files";
			sourceTree = "<group>";
		};
		ABDC44531A80296E0048EBE6 /* Extension */ = {
			isa = PBXGroup;
			children = (
				ABDC44AD1A8045C90048EBE6 /* SHPieChartView */,
				ABDC44B01A8045C90048EBE6 /* SimpleBarChart */,
				ABDC445D1A802D5E0048EBE6 /* ECSlidingViewController */,
				ABDC44551A802AB90048EBE6 /* DBManager */,
			);
			name = Extension;
			sourceTree = "<group>";
		};
		ABDC44541A8029D40048EBE6 /* Images */ = {
			isa = PBXGroup;
			children = (
				ABDC44771A802F9C0048EBE6 /* icon */,
				ABDC44881A802F9C0048EBE6 /* illust */,
			);
			name = Images;
			sourceTree = "<group>";
		};
		ABDC44551A802AB90048EBE6 /* DBManager */ = {
			isa = PBXGroup;
			children = (
				ABDC44561A802AB90048EBE6 /* DBManager.h */,
				ABDC44571A802AB90048EBE6 /* DBManager.m */,
			);
			path = DBManager;
			sourceTree = "<group>";
		};
		ABDC445D1A802D5E0048EBE6 /* ECSlidingViewController */ = {
			isa = PBXGroup;
			children = (
				ABDC445E1A802D5E0048EBE6 /* ECPercentDrivenInteractiveTransition.h */,
				ABDC445F1A802D5E0048EBE6 /* ECPercentDrivenInteractiveTransition.m */,
				ABDC44601A802D5E0048EBE6 /* ECSlidingAnimationController.h */,
				ABDC44611A802D5E0048EBE6 /* ECSlidingAnimationController.m */,
				ABDC44621A802D5E0048EBE6 /* ECSlidingConstants.h */,
				ABDC44631A802D5E0048EBE6 /* ECSlidingInteractiveTransition.h */,
				ABDC44641A802D5E0048EBE6 /* ECSlidingInteractiveTransition.m */,
				ABDC44651A802D5E0048EBE6 /* ECSlidingSegue.h */,
				ABDC44661A802D5E0048EBE6 /* ECSlidingSegue.m */,
				ABDC44671A802D5E0048EBE6 /* ECSlidingViewController.h */,
				ABDC44681A802D5E0048EBE6 /* ECSlidingViewController.m */,
				ABDC44691A802D5E0048EBE6 /* UIViewController+ECSlidingViewController.h */,
				ABDC446A1A802D5E0048EBE6 /* UIViewController+ECSlidingViewController.m */,
			);
			path = ECSlidingViewController;
			sourceTree = "<group>";
		};
		ABDC44771A802F9C0048EBE6 /* icon */ = {
			isa = PBXGroup;
			children = (
				AB2D47571A8578E90058DDDF /* icon-back-text.png */,
				AB2D47551A85774C0058DDDF /* icon-back.png */,
				ABDC44781A802F9C0048EBE6 /* icon-achievement-active.png */,
				ABDC44791A802F9C0048EBE6 /* icon-achievement.png */,
				ABDC447A1A802F9C0048EBE6 /* icon-app-120.png */,
				ABDC447B1A802F9C0048EBE6 /* icon-app-58.png */,
				ABDC447C1A802F9C0048EBE6 /* icon-app-80.png */,
				ABDC447D1A802F9C0048EBE6 /* icon-avatar.png */,
				ABDC447E1A802F9C0048EBE6 /* icon-avatar-active.png */,
				ABDC447F1A802F9C0048EBE6 /* icon-duration-25.png */,
				ABDC44801A802F9C0048EBE6 /* icon-duration-30.png */,
				ABDC44811A802F9C0048EBE6 /* icon-latency-25.png */,
				ABDC44821A802F9C0048EBE6 /* icon-latency-30.png */,
				ABDC44831A802F9C0048EBE6 /* icon-menu.png */,
				ABDC44841A802F9C0048EBE6 /* icon-sleep-graph-active.png */,
				ABDC44851A802F9C0048EBE6 /* icon-sleep-graph.png */,
				ABDC44861A802F9C0048EBE6 /* icon-start-sleep-active.png */,
				ABDC44871A802F9C0048EBE6 /* icon-start-sleep.png */,
			);
			path = icon;
			sourceTree = "<group>";
		};
		ABDC44881A802F9C0048EBE6 /* illust */ = {
			isa = PBXGroup;
			children = (
				ABDC44891A802F9C0048EBE6 /* avatar-f-1-0.png */,
				ABDC448A1A802F9C0048EBE6 /* avatar-m-1-0.png */,
				ABDC448B1A802F9C0048EBE6 /* codeavatar-f-1-111.png */,
				ABDC448C1A802F9C0048EBE6 /* codeavatar-m-1-111.png */,
				ABDC448D1A802F9C0048EBE6 /* recommand-1.jpg */,
			);
			path = illust;
			sourceTree = "<group>";
		};
		ABDC44A61A803D450048EBE6 /* CustomTableCell */ = {
			isa = PBXGroup;
			children = (
				ABDC44A71A803D740048EBE6 /* SleepGraphListTableViewCell.h */,
				ABDC44A81A803D740048EBE6 /* SleepGraphListTableViewCell.m */,
			);
			name = CustomTableCell;
			sourceTree = "<group>";
		};
		ABDC44AD1A8045C90048EBE6 /* SHPieChartView */ = {
			isa = PBXGroup;
			children = (
				ABDC44AE1A8045C90048EBE6 /* SHPieChartView.h */,
				ABDC44AF1A8045C90048EBE6 /* SHPieChartView.m */,
			);
			path = SHPieChartView;
			sourceTree = "<group>";
		};
		ABDC44B01A8045C90048EBE6 /* SimpleBarChart */ = {
			isa = PBXGroup;
			children = (
				ABDC44B11A8045C90048EBE6 /* SimpleBarChart.h */,
				ABDC44B21A8045C90048EBE6 /* SimpleBarChart.m */,
			);
			path = SimpleBarChart;
			sourceTree = "<group>";
		};
/* End PBXGroup section */

/* Begin PBXNativeTarget section */
		ABDC441A1A8021D70048EBE6 /* SleepAvatar */ = {
			isa = PBXNativeTarget;
			buildConfigurationList = ABDC444D1A8021D70048EBE6 /* Build configuration list for PBXNativeTarget "SleepAvatar" */;
			buildPhases = (
				ABDC44171A8021D70048EBE6 /* Sources */,
				ABDC44181A8021D70048EBE6 /* Frameworks */,
				ABDC44191A8021D70048EBE6 /* Resources */,
			);
			buildRules = (
			);
			dependencies = (
			);
			name = SleepAvatar;
			productName = SleepAvatar;
			productReference = ABDC441B1A8021D70048EBE6 /* SleepAvatar.app */;
			productType = "com.apple.product-type.application";
		};
		ABDC443B1A8021D70048EBE6 /* SleepAvatarTests */ = {
			isa = PBXNativeTarget;
			buildConfigurationList = ABDC44501A8021D70048EBE6 /* Build configuration list for PBXNativeTarget "SleepAvatarTests" */;
			buildPhases = (
				ABDC44381A8021D70048EBE6 /* Sources */,
				ABDC44391A8021D70048EBE6 /* Frameworks */,
				ABDC443A1A8021D70048EBE6 /* Resources */,
			);
			buildRules = (
			);
			dependencies = (
				ABDC44421A8021D70048EBE6 /* PBXTargetDependency */,
			);
			name = SleepAvatarTests;
			productName = SleepAvatarTests;
			productReference = ABDC443C1A8021D70048EBE6 /* SleepAvatarTests.xctest */;
			productType = "com.apple.product-type.bundle.unit-test";
		};
/* End PBXNativeTarget section */

/* Begin PBXProject section */
		ABDC44131A8021D70048EBE6 /* Project object */ = {
			isa = PBXProject;
			attributes = {
				LastUpgradeCheck = 0510;
				ORGANIZATIONNAME = medunla;
				TargetAttributes = {
					ABDC443B1A8021D70048EBE6 = {
						TestTargetID = ABDC441A1A8021D70048EBE6;
					};
				};
			};
			buildConfigurationList = ABDC44161A8021D70048EBE6 /* Build configuration list for PBXProject "SleepAvatar" */;
			compatibilityVersion = "Xcode 3.2";
			developmentRegion = English;
			hasScannedForEncodings = 0;
			knownRegions = (
				en,
				Base,
			);
			mainGroup = ABDC44121A8021D70048EBE6;
			productRefGroup = ABDC441C1A8021D70048EBE6 /* Products */;
			projectDirPath = "";
			projectRoot = "";
			targets = (
				ABDC441A1A8021D70048EBE6 /* SleepAvatar */,
				ABDC443B1A8021D70048EBE6 /* SleepAvatarTests */,
			);
		};
/* End PBXProject section */

/* Begin PBXResourcesBuildPhase section */
		ABDC44191A8021D70048EBE6 /* Resources */ = {
			isa = PBXResourcesBuildPhase;
			buildActionMask = 2147483647;
			files = (
				AB2D47491A8551F30058DDDF /* sleepAvatar2.sql in Resources */,
				ABDC44901A802F9C0048EBE6 /* icon-app-120.png in Resources */,
				ABDC449D1A802F9C0048EBE6 /* icon-start-sleep.png in Resources */,
				ABDC44941A802F9C0048EBE6 /* icon-avatar-active.png in Resources */,
				ABDC44A11A802F9C0048EBE6 /* codeavatar-m-1-111.png in Resources */,
				ABDC448F1A802F9C0048EBE6 /* icon-achievement.png in Resources */,
				ABDC44981A802F9C0048EBE6 /* icon-latency-30.png in Resources */,
				ABDC44931A802F9C0048EBE6 /* icon-avatar.png in Resources */,
				ABDC44A21A802F9C0048EBE6 /* recommand-1.jpg in Resources */,
				ABDC44971A802F9C0048EBE6 /* icon-latency-25.png in Resources */,
				ABDC44371A8021D70048EBE6 /* Images.xcassets in Resources */,
				ABDC44911A802F9C0048EBE6 /* icon-app-58.png in Resources */,
				ABDC448E1A802F9C0048EBE6 /* icon-achievement-active.png in Resources */,
				ABDC449C1A802F9C0048EBE6 /* icon-start-sleep-active.png in Resources */,
				ABDC445A1A802ACD0048EBE6 /* sleepAvatar.sql in Resources */,
				ABDC44A01A802F9C0048EBE6 /* codeavatar-f-1-111.png in Resources */,
				ABDC44921A802F9C0048EBE6 /* icon-app-80.png in Resources */,
				ABDC44991A802F9C0048EBE6 /* icon-menu.png in Resources */,
				AB2D47581A8578E90058DDDF /* icon-back-text.png in Resources */,
				AB2D47561A85774C0058DDDF /* icon-back.png in Resources */,
				ABDC44291A8021D70048EBE6 /* InfoPlist.strings in Resources */,
				ABDC449F1A802F9C0048EBE6 /* avatar-m-1-0.png in Resources */,
				ABDC449E1A802F9C0048EBE6 /* avatar-f-1-0.png in Resources */,
				ABDC44961A802F9C0048EBE6 /* icon-duration-30.png in Resources */,
				ABDC44321A8021D70048EBE6 /* Main.storyboard in Resources */,
				ABDC449B1A802F9C0048EBE6 /* icon-sleep-graph.png in Resources */,
				ABDC449A1A802F9C0048EBE6 /* icon-sleep-graph-active.png in Resources */,
				ABDC44951A802F9C0048EBE6 /* icon-duration-25.png in Resources */,
			);
			runOnlyForDeploymentPostprocessing = 0;
		};
		ABDC443A1A8021D70048EBE6 /* Resources */ = {
			isa = PBXResourcesBuildPhase;
			buildActionMask = 2147483647;
			files = (
				ABDC44481A8021D70048EBE6 /* InfoPlist.strings in Resources */,
			);
			runOnlyForDeploymentPostprocessing = 0;
		};
/* End PBXResourcesBuildPhase section */

/* Begin PBXSourcesBuildPhase section */
		ABDC44171A8021D70048EBE6 /* Sources */ = {
			isa = PBXSourcesBuildPhase;
			buildActionMask = 2147483647;
			files = (
				AB2D474C1A8571650058DDDF /* AboutSleepViewController.m in Sources */,
				ABDC44BE1A80523C0048EBE6 /* StartSleepRecommandViewController.m in Sources */,
				ABDC44C11A8057110048EBE6 /* StartSleepDetectViewController.m in Sources */,
				ABDC44AC1A8042670048EBE6 /* SleepGraphDetailViewController.m in Sources */,
				ABDC446C1A802D5E0048EBE6 /* ECSlidingAnimationController.m in Sources */,
				ABDC44701A802D5E0048EBE6 /* UIViewController+ECSlidingViewController.m in Sources */,
				ABDC446F1A802D5E0048EBE6 /* ECSlidingViewController.m in Sources */,
				ABDC442F1A8021D70048EBE6 /* AppDelegate.m in Sources */,
				ABDC44A91A803D740048EBE6 /* SleepGraphListTableViewCell.m in Sources */,
				ABDC446D1A802D5E0048EBE6 /* ECSlidingInteractiveTransition.m in Sources */,
				ABDC44731A802E370048EBE6 /* AvatarViewController.m in Sources */,
				ABDC442B1A8021D70048EBE6 /* main.m in Sources */,
				ABDC44761A802E830048EBE6 /* NavigationViewController.m in Sources */,
				ABDC446B1A802D5E0048EBE6 /* ECPercentDrivenInteractiveTransition.m in Sources */,
				ABDC446E1A802D5E0048EBE6 /* ECSlidingSegue.m in Sources */,
				ABDC44B41A8045C90048EBE6 /* SimpleBarChart.m in Sources */,
				ABDC44B31A8045C90048EBE6 /* SHPieChartView.m in Sources */,
				ABDC44BB1A804DB10048EBE6 /* AchievementViewController.m in Sources */,
				ABDC44581A802AB90048EBE6 /* DBManager.m in Sources */,
				ABDC44A51A803AEE0048EBE6 /* SleepGraphListViewController.m in Sources */,
			);
			runOnlyForDeploymentPostprocessing = 0;
		};
		ABDC44381A8021D70048EBE6 /* Sources */ = {
			isa = PBXSourcesBuildPhase;
			buildActionMask = 2147483647;
			files = (
				ABDC444A1A8021D70048EBE6 /* SleepAvatarTests.m in Sources */,
			);
			runOnlyForDeploymentPostprocessing = 0;
		};
/* End PBXSourcesBuildPhase section */

/* Begin PBXTargetDependency section */
		ABDC44421A8021D70048EBE6 /* PBXTargetDependency */ = {
			isa = PBXTargetDependency;
			target = ABDC441A1A8021D70048EBE6 /* SleepAvatar */;
			targetProxy = ABDC44411A8021D70048EBE6 /* PBXContainerItemProxy */;
		};
/* End PBXTargetDependency section */

/* Begin PBXVariantGroup section */
		ABDC44271A8021D70048EBE6 /* InfoPlist.strings */ = {
			isa = PBXVariantGroup;
			children = (
				ABDC44281A8021D70048EBE6 /* en */,
			);
			name = InfoPlist.strings;
			sourceTree = "<group>";
		};
		ABDC44301A8021D70048EBE6 /* Main.storyboard */ = {
			isa = PBXVariantGroup;
			children = (
				ABDC44311A8021D70048EBE6 /* Base */,
			);
			name = Main.storyboard;
			sourceTree = "<group>";
		};
		ABDC44461A8021D70048EBE6 /* InfoPlist.strings */ = {
			isa = PBXVariantGroup;
			children = (
				ABDC44471A8021D70048EBE6 /* en */,
			);
			name = InfoPlist.strings;
			sourceTree = "<group>";
		};
/* End PBXVariantGroup section */

/* Begin XCBuildConfiguration section */
		ABDC444B1A8021D70048EBE6 /* Debug */ = {
			isa = XCBuildConfiguration;
			buildSettings = {
				ALWAYS_SEARCH_USER_PATHS = NO;
				CLANG_CXX_LANGUAGE_STANDARD = "gnu++0x";
				CLANG_CXX_LIBRARY = "libc++";
				CLANG_ENABLE_MODULES = YES;
				CLANG_ENABLE_OBJC_ARC = YES;
				CLANG_WARN_BOOL_CONVERSION = YES;
				CLANG_WARN_CONSTANT_CONVERSION = YES;
				CLANG_WARN_DIRECT_OBJC_ISA_USAGE = YES_ERROR;
				CLANG_WARN_EMPTY_BODY = YES;
				CLANG_WARN_ENUM_CONVERSION = YES;
				CLANG_WARN_INT_CONVERSION = YES;
				CLANG_WARN_OBJC_ROOT_CLASS = YES_ERROR;
				CLANG_WARN__DUPLICATE_METHOD_MATCH = YES;
				"CODE_SIGN_IDENTITY[sdk=iphoneos*]" = "iPhone Developer";
				COPY_PHASE_STRIP = NO;
				GCC_C_LANGUAGE_STANDARD = gnu99;
				GCC_DYNAMIC_NO_PIC = NO;
				GCC_OPTIMIZATION_LEVEL = 0;
				GCC_PREPROCESSOR_DEFINITIONS = (
					"DEBUG=1",
					"$(inherited)",
				);
				GCC_SYMBOLS_PRIVATE_EXTERN = NO;
				GCC_WARN_64_TO_32_BIT_CONVERSION = YES;
				GCC_WARN_ABOUT_RETURN_TYPE = YES_ERROR;
				GCC_WARN_UNDECLARED_SELECTOR = YES;
				GCC_WARN_UNINITIALIZED_AUTOS = YES_AGGRESSIVE;
				GCC_WARN_UNUSED_FUNCTION = YES;
				GCC_WARN_UNUSED_VARIABLE = YES;
				IPHONEOS_DEPLOYMENT_TARGET = 7.1;
				ONLY_ACTIVE_ARCH = YES;
				SDKROOT = iphoneos;
			};
			name = Debug;
		};
		ABDC444C1A8021D70048EBE6 /* Release */ = {
			isa = XCBuildConfiguration;
			buildSettings = {
				ALWAYS_SEARCH_USER_PATHS = NO;
				CLANG_CXX_LANGUAGE_STANDARD = "gnu++0x";
				CLANG_CXX_LIBRARY = "libc++";
				CLANG_ENABLE_MODULES = YES;
				CLANG_ENABLE_OBJC_ARC = YES;
				CLANG_WARN_BOOL_CONVERSION = YES;
				CLANG_WARN_CONSTANT_CONVERSION = YES;
				CLANG_WARN_DIRECT_OBJC_ISA_USAGE = YES_ERROR;
				CLANG_WARN_EMPTY_BODY = YES;
				CLANG_WARN_ENUM_CONVERSION = YES;
				CLANG_WARN_INT_CONVERSION = YES;
				CLANG_WARN_OBJC_ROOT_CLASS = YES_ERROR;
				CLANG_WARN__DUPLICATE_METHOD_MATCH = YES;
				"CODE_SIGN_IDENTITY[sdk=iphoneos*]" = "iPhone Developer";
				COPY_PHASE_STRIP = YES;
				ENABLE_NS_ASSERTIONS = NO;
				GCC_C_LANGUAGE_STANDARD = gnu99;
				GCC_WARN_64_TO_32_BIT_CONVERSION = YES;
				GCC_WARN_ABOUT_RETURN_TYPE = YES_ERROR;
				GCC_WARN_UNDECLARED_SELECTOR = YES;
				GCC_WARN_UNINITIALIZED_AUTOS = YES_AGGRESSIVE;
				GCC_WARN_UNUSED_FUNCTION = YES;
				GCC_WARN_UNUSED_VARIABLE = YES;
				IPHONEOS_DEPLOYMENT_TARGET = 7.1;
				SDKROOT = iphoneos;
				VALIDATE_PRODUCT = YES;
			};
			name = Release;
		};
		ABDC444E1A8021D70048EBE6 /* Debug */ = {
			isa = XCBuildConfiguration;
			buildSettings = {
				ASSETCATALOG_COMPILER_APPICON_NAME = AppIcon;
				ASSETCATALOG_COMPILER_LAUNCHIMAGE_NAME = LaunchImage;
				GCC_PRECOMPILE_PREFIX_HEADER = YES;
				GCC_PREFIX_HEADER = "SleepAvatar/SleepAvatar-Prefix.pch";
				INFOPLIST_FILE = "SleepAvatar/SleepAvatar-Info.plist";
				PRODUCT_NAME = "$(TARGET_NAME)";
				WRAPPER_EXTENSION = app;
			};
			name = Debug;
		};
		ABDC444F1A8021D70048EBE6 /* Release */ = {
			isa = XCBuildConfiguration;
			buildSettings = {
				ASSETCATALOG_COMPILER_APPICON_NAME = AppIcon;
				ASSETCATALOG_COMPILER_LAUNCHIMAGE_NAME = LaunchImage;
				GCC_PRECOMPILE_PREFIX_HEADER = YES;
				GCC_PREFIX_HEADER = "SleepAvatar/SleepAvatar-Prefix.pch";
				INFOPLIST_FILE = "SleepAvatar/SleepAvatar-Info.plist";
				PRODUCT_NAME = "$(TARGET_NAME)";
				WRAPPER_EXTENSION = app;
			};
			name = Release;
		};
		ABDC44511A8021D70048EBE6 /* Debug */ = {
			isa = XCBuildConfiguration;
			buildSettings = {
				BUNDLE_LOADER = "$(BUILT_PRODUCTS_DIR)/SleepAvatar.app/SleepAvatar";
				FRAMEWORK_SEARCH_PATHS = (
					"$(SDKROOT)/Developer/Library/Frameworks",
					"$(inherited)",
					"$(DEVELOPER_FRAMEWORKS_DIR)",
				);
				GCC_PRECOMPILE_PREFIX_HEADER = YES;
				GCC_PREFIX_HEADER = "SleepAvatar/SleepAvatar-Prefix.pch";
				GCC_PREPROCESSOR_DEFINITIONS = (
					"DEBUG=1",
					"$(inherited)",
				);
				INFOPLIST_FILE = "SleepAvatarTests/SleepAvatarTests-Info.plist";
				PRODUCT_NAME = "$(TARGET_NAME)";
				TEST_HOST = "$(BUNDLE_LOADER)";
				WRAPPER_EXTENSION = xctest;
			};
			name = Debug;
		};
		ABDC44521A8021D70048EBE6 /* Release */ = {
			isa = XCBuildConfiguration;
			buildSettings = {
				BUNDLE_LOADER = "$(BUILT_PRODUCTS_DIR)/SleepAvatar.app/SleepAvatar";
				FRAMEWORK_SEARCH_PATHS = (
					"$(SDKROOT)/Developer/Library/Frameworks",
					"$(inherited)",
					"$(DEVELOPER_FRAMEWORKS_DIR)",
				);
				GCC_PRECOMPILE_PREFIX_HEADER = YES;
				GCC_PREFIX_HEADER = "SleepAvatar/SleepAvatar-Prefix.pch";
				INFOPLIST_FILE = "SleepAvatarTests/SleepAvatarTests-Info.plist";
				PRODUCT_NAME = "$(TARGET_NAME)";
				TEST_HOST = "$(BUNDLE_LOADER)";
				WRAPPER_EXTENSION = xctest;
			};
			name = Release;
		};
/* End XCBuildConfiguration section */

/* Begin XCConfigurationList section */
		ABDC44161A8021D70048EBE6 /* Build configuration list for PBXProject "SleepAvatar" */ = {
			isa = XCConfigurationList;
			buildConfigurations = (
				ABDC444B1A8021D70048EBE6 /* Debug */,
				ABDC444C1A8021D70048EBE6 /* Release */,
			);
			defaultConfigurationIsVisible = 0;
			defaultConfigurationName = Release;
		};
		ABDC444D1A8021D70048EBE6 /* Build configuration list for PBXNativeTarget "SleepAvatar" */ = {
			isa = XCConfigurationList;
			buildConfigurations = (
				ABDC444E1A8021D70048EBE6 /* Debug */,
				ABDC444F1A8021D70048EBE6 /* Release */,
			);
			defaultConfigurationIsVisible = 0;
			defaultConfigurationName = Release;
		};
		ABDC44501A8021D70048EBE6 /* Build configuration list for PBXNativeTarget "SleepAvatarTests" */ = {
			isa = XCConfigurationList;
			buildConfigurations = (
				ABDC44511A8021D70048EBE6 /* Debug */,
				ABDC44521A8021D70048EBE6 /* Release */,
			);
			defaultConfigurationIsVisible = 0;
			defaultConfigurationName = Release;
		};
/* End XCConfigurationList section */
	};
	rootObject = ABDC44131A8021D70048EBE6 /* Project object */;
}
