// !$*UTF8*$!
{
	archiveVersion = 1;
	classes = {
	};
	objectVersion = 46;
	objects = {

/* Begin PBXBuildFile section */
		AB6AA27E1A68EC5D00D2F3B0 /* SWRevealViewController.m in Sources */ = {isa = PBXBuildFile; fileRef = AB6AA27D1A68EC5D00D2F3B0 /* SWRevealViewController.m */; };
		AB6AA2801A68ECFC00D2F3B0 /* CoreMotion.framework in Frameworks */ = {isa = PBXBuildFile; fileRef = AB6AA27F1A68ECFC00D2F3B0 /* CoreMotion.framework */; };
		AB6AA2821A68ED0D00D2F3B0 /* QuartzCore.framework in Frameworks */ = {isa = PBXBuildFile; fileRef = AB6AA2811A68ED0D00D2F3B0 /* QuartzCore.framework */; };
		AB6AA2841A68ED1600D2F3B0 /* libsqlite3.dylib in Frameworks */ = {isa = PBXBuildFile; fileRef = AB6AA2831A68ED1600D2F3B0 /* libsqlite3.dylib */; };
		AB6AA2871A68EEB000D2F3B0 /* AvatarViewController.m in Sources */ = {isa = PBXBuildFile; fileRef = AB6AA2861A68EEB000D2F3B0 /* AvatarViewController.m */; };
		AB6AA28A1A68EECF00D2F3B0 /* MenuTableViewController.m in Sources */ = {isa = PBXBuildFile; fileRef = AB6AA2891A68EECF00D2F3B0 /* MenuTableViewController.m */; };
		AB6AA2901A68F56100D2F3B0 /* SleepGraphListTableViewController.m in Sources */ = {isa = PBXBuildFile; fileRef = AB6AA28F1A68F56100D2F3B0 /* SleepGraphListTableViewController.m */; };
		AB6AA2931A68F59D00D2F3B0 /* AchievementViewController.m in Sources */ = {isa = PBXBuildFile; fileRef = AB6AA2921A68F59D00D2F3B0 /* AchievementViewController.m */; };
		AB6AA2961A68F5FE00D2F3B0 /* SleepGraphDetailViewController.m in Sources */ = {isa = PBXBuildFile; fileRef = AB6AA2951A68F5FE00D2F3B0 /* SleepGraphDetailViewController.m */; };
		AB6AA2991A68F6CF00D2F3B0 /* ChangeWearableViewController.m in Sources */ = {isa = PBXBuildFile; fileRef = AB6AA2981A68F6CF00D2F3B0 /* ChangeWearableViewController.m */; };
		AB6AA29C1A68F6E900D2F3B0 /* StartSleepRecommendViewController.m in Sources */ = {isa = PBXBuildFile; fileRef = AB6AA29B1A68F6E900D2F3B0 /* StartSleepRecommendViewController.m */; };
		AB6AA29F1A68F70800D2F3B0 /* StartSleepDetectTableViewController.m in Sources */ = {isa = PBXBuildFile; fileRef = AB6AA29E1A68F70800D2F3B0 /* StartSleepDetectTableViewController.m */; };
		AB6AA2A31A68F7A900D2F3B0 /* AboutSleepViewController.m in Sources */ = {isa = PBXBuildFile; fileRef = AB6AA2A21A68F7A900D2F3B0 /* AboutSleepViewController.m */; };
		AB6AA2A61A68F7BB00D2F3B0 /* AboutSleepDetailViewController.m in Sources */ = {isa = PBXBuildFile; fileRef = AB6AA2A51A68F7BB00D2F3B0 /* AboutSleepDetailViewController.m */; };
		AB6AA2AB1A68FB3300D2F3B0 /* DBManager.m in Sources */ = {isa = PBXBuildFile; fileRef = AB6AA2AA1A68FB3300D2F3B0 /* DBManager.m */; };
		AB6AA2AF1A68FD7D00D2F3B0 /* StartSleepDetectTableViewCell.m in Sources */ = {isa = PBXBuildFile; fileRef = AB6AA2AE1A68FD7D00D2F3B0 /* StartSleepDetectTableViewCell.m */; };
		ABF07E691A67F94500000700 /* Foundation.framework in Frameworks */ = {isa = PBXBuildFile; fileRef = ABF07E681A67F94500000700 /* Foundation.framework */; };
		ABF07E6B1A67F94500000700 /* CoreGraphics.framework in Frameworks */ = {isa = PBXBuildFile; fileRef = ABF07E6A1A67F94500000700 /* CoreGraphics.framework */; };
		ABF07E6D1A67F94500000700 /* UIKit.framework in Frameworks */ = {isa = PBXBuildFile; fileRef = ABF07E6C1A67F94500000700 /* UIKit.framework */; };
		ABF07E731A67F94600000700 /* InfoPlist.strings in Resources */ = {isa = PBXBuildFile; fileRef = ABF07E711A67F94600000700 /* InfoPlist.strings */; };
		ABF07E751A67F94600000700 /* main.m in Sources */ = {isa = PBXBuildFile; fileRef = ABF07E741A67F94600000700 /* main.m */; };
		ABF07E791A67F94600000700 /* AppDelegate.m in Sources */ = {isa = PBXBuildFile; fileRef = ABF07E781A67F94600000700 /* AppDelegate.m */; };
		ABF07E7C1A67F94600000700 /* Main.storyboard in Resources */ = {isa = PBXBuildFile; fileRef = ABF07E7A1A67F94600000700 /* Main.storyboard */; };
		ABF07E7F1A67F94600000700 /* ViewController.m in Sources */ = {isa = PBXBuildFile; fileRef = ABF07E7E1A67F94600000700 /* ViewController.m */; };
		ABF07E811A67F94600000700 /* Images.xcassets in Resources */ = {isa = PBXBuildFile; fileRef = ABF07E801A67F94600000700 /* Images.xcassets */; };
		ABF07E881A67F94600000700 /* XCTest.framework in Frameworks */ = {isa = PBXBuildFile; fileRef = ABF07E871A67F94600000700 /* XCTest.framework */; };
		ABF07E891A67F94600000700 /* Foundation.framework in Frameworks */ = {isa = PBXBuildFile; fileRef = ABF07E681A67F94500000700 /* Foundation.framework */; };
		ABF07E8A1A67F94600000700 /* UIKit.framework in Frameworks */ = {isa = PBXBuildFile; fileRef = ABF07E6C1A67F94500000700 /* UIKit.framework */; };
		ABF07E921A67F94600000700 /* InfoPlist.strings in Resources */ = {isa = PBXBuildFile; fileRef = ABF07E901A67F94600000700 /* InfoPlist.strings */; };
		ABF07E941A67F94600000700 /* SleepAvatarTests.m in Sources */ = {isa = PBXBuildFile; fileRef = ABF07E931A67F94600000700 /* SleepAvatarTests.m */; };
/* End PBXBuildFile section */

/* Begin PBXContainerItemProxy section */
		ABF07E8B1A67F94600000700 /* PBXContainerItemProxy */ = {
			isa = PBXContainerItemProxy;
			containerPortal = ABF07E5D1A67F94500000700 /* Project object */;
			proxyType = 1;
			remoteGlobalIDString = ABF07E641A67F94500000700;
			remoteInfo = SleepAvatar;
		};
/* End PBXContainerItemProxy section */

/* Begin PBXFileReference section */
		AB6AA27C1A68EC5D00D2F3B0 /* SWRevealViewController.h */ = {isa = PBXFileReference; fileEncoding = 4; lastKnownFileType = sourcecode.c.h; path = SWRevealViewController.h; sourceTree = "<group>"; };
		AB6AA27D1A68EC5D00D2F3B0 /* SWRevealViewController.m */ = {isa = PBXFileReference; fileEncoding = 4; lastKnownFileType = sourcecode.c.objc; path = SWRevealViewController.m; sourceTree = "<group>"; };
		AB6AA27F1A68ECFC00D2F3B0 /* CoreMotion.framework */ = {isa = PBXFileReference; lastKnownFileType = wrapper.framework; name = CoreMotion.framework; path = System/Library/Frameworks/CoreMotion.framework; sourceTree = SDKROOT; };
		AB6AA2811A68ED0D00D2F3B0 /* QuartzCore.framework */ = {isa = PBXFileReference; lastKnownFileType = wrapper.framework; name = QuartzCore.framework; path = System/Library/Frameworks/QuartzCore.framework; sourceTree = SDKROOT; };
		AB6AA2831A68ED1600D2F3B0 /* libsqlite3.dylib */ = {isa = PBXFileReference; lastKnownFileType = "compiled.mach-o.dylib"; name = libsqlite3.dylib; path = usr/lib/libsqlite3.dylib; sourceTree = SDKROOT; };
		AB6AA2851A68EEB000D2F3B0 /* AvatarViewController.h */ = {isa = PBXFileReference; fileEncoding = 4; lastKnownFileType = sourcecode.c.h; path = AvatarViewController.h; sourceTree = "<group>"; };
		AB6AA2861A68EEB000D2F3B0 /* AvatarViewController.m */ = {isa = PBXFileReference; fileEncoding = 4; lastKnownFileType = sourcecode.c.objc; path = AvatarViewController.m; sourceTree = "<group>"; };
		AB6AA2881A68EECF00D2F3B0 /* MenuTableViewController.h */ = {isa = PBXFileReference; fileEncoding = 4; lastKnownFileType = sourcecode.c.h; path = MenuTableViewController.h; sourceTree = "<group>"; };
		AB6AA2891A68EECF00D2F3B0 /* MenuTableViewController.m */ = {isa = PBXFileReference; fileEncoding = 4; lastKnownFileType = sourcecode.c.objc; path = MenuTableViewController.m; sourceTree = "<group>"; };
		AB6AA28E1A68F56100D2F3B0 /* SleepGraphListTableViewController.h */ = {isa = PBXFileReference; fileEncoding = 4; lastKnownFileType = sourcecode.c.h; path = SleepGraphListTableViewController.h; sourceTree = "<group>"; };
		AB6AA28F1A68F56100D2F3B0 /* SleepGraphListTableViewController.m */ = {isa = PBXFileReference; fileEncoding = 4; lastKnownFileType = sourcecode.c.objc; path = SleepGraphListTableViewController.m; sourceTree = "<group>"; };
		AB6AA2911A68F59D00D2F3B0 /* AchievementViewController.h */ = {isa = PBXFileReference; fileEncoding = 4; lastKnownFileType = sourcecode.c.h; path = AchievementViewController.h; sourceTree = "<group>"; };
		AB6AA2921A68F59D00D2F3B0 /* AchievementViewController.m */ = {isa = PBXFileReference; fileEncoding = 4; lastKnownFileType = sourcecode.c.objc; path = AchievementViewController.m; sourceTree = "<group>"; };
		AB6AA2941A68F5FE00D2F3B0 /* SleepGraphDetailViewController.h */ = {isa = PBXFileReference; fileEncoding = 4; lastKnownFileType = sourcecode.c.h; path = SleepGraphDetailViewController.h; sourceTree = "<group>"; };
		AB6AA2951A68F5FE00D2F3B0 /* SleepGraphDetailViewController.m */ = {isa = PBXFileReference; fileEncoding = 4; lastKnownFileType = sourcecode.c.objc; path = SleepGraphDetailViewController.m; sourceTree = "<group>"; };
		AB6AA2971A68F6CF00D2F3B0 /* ChangeWearableViewController.h */ = {isa = PBXFileReference; fileEncoding = 4; lastKnownFileType = sourcecode.c.h; path = ChangeWearableViewController.h; sourceTree = "<group>"; };
		AB6AA2981A68F6CF00D2F3B0 /* ChangeWearableViewController.m */ = {isa = PBXFileReference; fileEncoding = 4; lastKnownFileType = sourcecode.c.objc; path = ChangeWearableViewController.m; sourceTree = "<group>"; };
		AB6AA29A1A68F6E900D2F3B0 /* StartSleepRecommendViewController.h */ = {isa = PBXFileReference; fileEncoding = 4; lastKnownFileType = sourcecode.c.h; path = StartSleepRecommendViewController.h; sourceTree = "<group>"; };
		AB6AA29B1A68F6E900D2F3B0 /* StartSleepRecommendViewController.m */ = {isa = PBXFileReference; fileEncoding = 4; lastKnownFileType = sourcecode.c.objc; path = StartSleepRecommendViewController.m; sourceTree = "<group>"; };
		AB6AA29D1A68F70800D2F3B0 /* StartSleepDetectTableViewController.h */ = {isa = PBXFileReference; fileEncoding = 4; lastKnownFileType = sourcecode.c.h; path = StartSleepDetectTableViewController.h; sourceTree = "<group>"; };
		AB6AA29E1A68F70800D2F3B0 /* StartSleepDetectTableViewController.m */ = {isa = PBXFileReference; fileEncoding = 4; lastKnownFileType = sourcecode.c.objc; path = StartSleepDetectTableViewController.m; sourceTree = "<group>"; };
		AB6AA2A11A68F7A900D2F3B0 /* AboutSleepViewController.h */ = {isa = PBXFileReference; fileEncoding = 4; lastKnownFileType = sourcecode.c.h; path = AboutSleepViewController.h; sourceTree = "<group>"; };
		AB6AA2A21A68F7A900D2F3B0 /* AboutSleepViewController.m */ = {isa = PBXFileReference; fileEncoding = 4; lastKnownFileType = sourcecode.c.objc; path = AboutSleepViewController.m; sourceTree = "<group>"; };
		AB6AA2A41A68F7BB00D2F3B0 /* AboutSleepDetailViewController.h */ = {isa = PBXFileReference; fileEncoding = 4; lastKnownFileType = sourcecode.c.h; path = AboutSleepDetailViewController.h; sourceTree = "<group>"; };
		AB6AA2A51A68F7BB00D2F3B0 /* AboutSleepDetailViewController.m */ = {isa = PBXFileReference; fileEncoding = 4; lastKnownFileType = sourcecode.c.objc; path = AboutSleepDetailViewController.m; sourceTree = "<group>"; };
		AB6AA2A91A68FB3300D2F3B0 /* DBManager.h */ = {isa = PBXFileReference; fileEncoding = 4; lastKnownFileType = sourcecode.c.h; path = DBManager.h; sourceTree = "<group>"; };
		AB6AA2AA1A68FB3300D2F3B0 /* DBManager.m */ = {isa = PBXFileReference; fileEncoding = 4; lastKnownFileType = sourcecode.c.objc; path = DBManager.m; sourceTree = "<group>"; };
		AB6AA2AC1A68FBC400D2F3B0 /* sleepBehavior.sql */ = {isa = PBXFileReference; lastKnownFileType = file; path = sleepBehavior.sql; sourceTree = "<group>"; };
		AB6AA2AD1A68FD7D00D2F3B0 /* StartSleepDetectTableViewCell.h */ = {isa = PBXFileReference; fileEncoding = 4; lastKnownFileType = sourcecode.c.h; path = StartSleepDetectTableViewCell.h; sourceTree = "<group>"; };
		AB6AA2AE1A68FD7D00D2F3B0 /* StartSleepDetectTableViewCell.m */ = {isa = PBXFileReference; fileEncoding = 4; lastKnownFileType = sourcecode.c.objc; path = StartSleepDetectTableViewCell.m; sourceTree = "<group>"; };
		ABF07E651A67F94500000700 /* SleepAvatar.app */ = {isa = PBXFileReference; explicitFileType = wrapper.application; includeInIndex = 0; path = SleepAvatar.app; sourceTree = BUILT_PRODUCTS_DIR; };
		ABF07E681A67F94500000700 /* Foundation.framework */ = {isa = PBXFileReference; lastKnownFileType = wrapper.framework; name = Foundation.framework; path = System/Library/Frameworks/Foundation.framework; sourceTree = SDKROOT; };
		ABF07E6A1A67F94500000700 /* CoreGraphics.framework */ = {isa = PBXFileReference; lastKnownFileType = wrapper.framework; name = CoreGraphics.framework; path = System/Library/Frameworks/CoreGraphics.framework; sourceTree = SDKROOT; };
		ABF07E6C1A67F94500000700 /* UIKit.framework */ = {isa = PBXFileReference; lastKnownFileType = wrapper.framework; name = UIKit.framework; path = System/Library/Frameworks/UIKit.framework; sourceTree = SDKROOT; };
		ABF07E701A67F94600000700 /* SleepAvatar-Info.plist */ = {isa = PBXFileReference; lastKnownFileType = text.plist.xml; path = "SleepAvatar-Info.plist"; sourceTree = "<group>"; };
		ABF07E721A67F94600000700 /* en */ = {isa = PBXFileReference; lastKnownFileType = text.plist.strings; name = en; path = en.lproj/InfoPlist.strings; sourceTree = "<group>"; };
		ABF07E741A67F94600000700 /* main.m */ = {isa = PBXFileReference; lastKnownFileType = sourcecode.c.objc; path = main.m; sourceTree = "<group>"; };
		ABF07E761A67F94600000700 /* SleepAvatar-Prefix.pch */ = {isa = PBXFileReference; lastKnownFileType = sourcecode.c.h; path = "SleepAvatar-Prefix.pch"; sourceTree = "<group>"; };
		ABF07E771A67F94600000700 /* AppDelegate.h */ = {isa = PBXFileReference; lastKnownFileType = sourcecode.c.h; path = AppDelegate.h; sourceTree = "<group>"; };
		ABF07E781A67F94600000700 /* AppDelegate.m */ = {isa = PBXFileReference; lastKnownFileType = sourcecode.c.objc; path = AppDelegate.m; sourceTree = "<group>"; };
		ABF07E7B1A67F94600000700 /* Base */ = {isa = PBXFileReference; lastKnownFileType = file.storyboard; name = Base; path = Base.lproj/Main.storyboard; sourceTree = "<group>"; };
		ABF07E7D1A67F94600000700 /* ViewController.h */ = {isa = PBXFileReference; lastKnownFileType = sourcecode.c.h; path = ViewController.h; sourceTree = "<group>"; };
		ABF07E7E1A67F94600000700 /* ViewController.m */ = {isa = PBXFileReference; lastKnownFileType = sourcecode.c.objc; path = ViewController.m; sourceTree = "<group>"; };
		ABF07E801A67F94600000700 /* Images.xcassets */ = {isa = PBXFileReference; lastKnownFileType = folder.assetcatalog; path = Images.xcassets; sourceTree = "<group>"; };
		ABF07E861A67F94600000700 /* SleepAvatarTests.xctest */ = {isa = PBXFileReference; explicitFileType = wrapper.cfbundle; includeInIndex = 0; path = SleepAvatarTests.xctest; sourceTree = BUILT_PRODUCTS_DIR; };
		ABF07E871A67F94600000700 /* XCTest.framework */ = {isa = PBXFileReference; lastKnownFileType = wrapper.framework; name = XCTest.framework; path = Library/Frameworks/XCTest.framework; sourceTree = DEVELOPER_DIR; };
		ABF07E8F1A67F94600000700 /* SleepAvatarTests-Info.plist */ = {isa = PBXFileReference; lastKnownFileType = text.plist.xml; path = "SleepAvatarTests-Info.plist"; sourceTree = "<group>"; };
		ABF07E911A67F94600000700 /* en */ = {isa = PBXFileReference; lastKnownFileType = text.plist.strings; name = en; path = en.lproj/InfoPlist.strings; sourceTree = "<group>"; };
		ABF07E931A67F94600000700 /* SleepAvatarTests.m */ = {isa = PBXFileReference; lastKnownFileType = sourcecode.c.objc; path = SleepAvatarTests.m; sourceTree = "<group>"; };
/* End PBXFileReference section */

/* Begin PBXFrameworksBuildPhase section */
		ABF07E621A67F94500000700 /* Frameworks */ = {
			isa = PBXFrameworksBuildPhase;
			buildActionMask = 2147483647;
			files = (
				AB6AA2841A68ED1600D2F3B0 /* libsqlite3.dylib in Frameworks */,
				AB6AA2821A68ED0D00D2F3B0 /* QuartzCore.framework in Frameworks */,
				AB6AA2801A68ECFC00D2F3B0 /* CoreMotion.framework in Frameworks */,
				ABF07E6B1A67F94500000700 /* CoreGraphics.framework in Frameworks */,
				ABF07E6D1A67F94500000700 /* UIKit.framework in Frameworks */,
				ABF07E691A67F94500000700 /* Foundation.framework in Frameworks */,
			);
			runOnlyForDeploymentPostprocessing = 0;
		};
		ABF07E831A67F94600000700 /* Frameworks */ = {
			isa = PBXFrameworksBuildPhase;
			buildActionMask = 2147483647;
			files = (
				ABF07E881A67F94600000700 /* XCTest.framework in Frameworks */,
				ABF07E8A1A67F94600000700 /* UIKit.framework in Frameworks */,
				ABF07E891A67F94600000700 /* Foundation.framework in Frameworks */,
			);
			runOnlyForDeploymentPostprocessing = 0;
		};
/* End PBXFrameworksBuildPhase section */

/* Begin PBXGroup section */
		AB6AA27A1A68EC4E00D2F3B0 /* Plugin */ = {
			isa = PBXGroup;
			children = (
				AB6AA27B1A68EC5D00D2F3B0 /* SlideOutMenuFiles */,
			);
			name = Plugin;
			sourceTree = "<group>";
		};
		AB6AA27B1A68EC5D00D2F3B0 /* SlideOutMenuFiles */ = {
			isa = PBXGroup;
			children = (
				AB6AA27C1A68EC5D00D2F3B0 /* SWRevealViewController.h */,
				AB6AA27D1A68EC5D00D2F3B0 /* SWRevealViewController.m */,
			);
			path = SlideOutMenuFiles;
			sourceTree = "<group>";
		};
		AB6AA2A01A68F71200D2F3B0 /* CustomTableCell */ = {
			isa = PBXGroup;
			children = (
				AB6AA2AD1A68FD7D00D2F3B0 /* StartSleepDetectTableViewCell.h */,
				AB6AA2AE1A68FD7D00D2F3B0 /* StartSleepDetectTableViewCell.m */,
			);
			name = CustomTableCell;
			sourceTree = "<group>";
		};
		AB6AA2A81A68FB3300D2F3B0 /* DBManager */ = {
			isa = PBXGroup;
			children = (
				AB6AA2A91A68FB3300D2F3B0 /* DBManager.h */,
				AB6AA2AA1A68FB3300D2F3B0 /* DBManager.m */,
			);
			path = DBManager;
			sourceTree = "<group>";
		};
		ABF07E5C1A67F94500000700 = {
			isa = PBXGroup;
			children = (
				ABF07E6E1A67F94600000700 /* SleepAvatar */,
				ABF07E8D1A67F94600000700 /* SleepAvatarTests */,
				ABF07E671A67F94500000700 /* Frameworks */,
				ABF07E661A67F94500000700 /* Products */,
			);
			sourceTree = "<group>";
		};
		ABF07E661A67F94500000700 /* Products */ = {
			isa = PBXGroup;
			children = (
				ABF07E651A67F94500000700 /* SleepAvatar.app */,
				ABF07E861A67F94600000700 /* SleepAvatarTests.xctest */,
			);
			name = Products;
			sourceTree = "<group>";
		};
		ABF07E671A67F94500000700 /* Frameworks */ = {
			isa = PBXGroup;
			children = (
				AB6AA2831A68ED1600D2F3B0 /* libsqlite3.dylib */,
				AB6AA2811A68ED0D00D2F3B0 /* QuartzCore.framework */,
				AB6AA27F1A68ECFC00D2F3B0 /* CoreMotion.framework */,
				ABF07E681A67F94500000700 /* Foundation.framework */,
				ABF07E6A1A67F94500000700 /* CoreGraphics.framework */,
				ABF07E6C1A67F94500000700 /* UIKit.framework */,
				ABF07E871A67F94600000700 /* XCTest.framework */,
			);
			name = Frameworks;
			sourceTree = "<group>";
		};
		ABF07E6E1A67F94600000700 /* SleepAvatar */ = {
			isa = PBXGroup;
			children = (
				ABF07E771A67F94600000700 /* AppDelegate.h */,
				ABF07E781A67F94600000700 /* AppDelegate.m */,
				ABF07E7A1A67F94600000700 /* Main.storyboard */,
				ABF07E7D1A67F94600000700 /* ViewController.h */,
				ABF07E7E1A67F94600000700 /* ViewController.m */,
				AB6AA2881A68EECF00D2F3B0 /* MenuTableViewController.h */,
				AB6AA2891A68EECF00D2F3B0 /* MenuTableViewController.m */,
				AB6AA2851A68EEB000D2F3B0 /* AvatarViewController.h */,
				AB6AA2861A68EEB000D2F3B0 /* AvatarViewController.m */,
				AB6AA28E1A68F56100D2F3B0 /* SleepGraphListTableViewController.h */,
				AB6AA28F1A68F56100D2F3B0 /* SleepGraphListTableViewController.m */,
				AB6AA2941A68F5FE00D2F3B0 /* SleepGraphDetailViewController.h */,
				AB6AA2951A68F5FE00D2F3B0 /* SleepGraphDetailViewController.m */,
				AB6AA2911A68F59D00D2F3B0 /* AchievementViewController.h */,
				AB6AA2921A68F59D00D2F3B0 /* AchievementViewController.m */,
				AB6AA29A1A68F6E900D2F3B0 /* StartSleepRecommendViewController.h */,
				AB6AA29B1A68F6E900D2F3B0 /* StartSleepRecommendViewController.m */,
				AB6AA29D1A68F70800D2F3B0 /* StartSleepDetectTableViewController.h */,
				AB6AA29E1A68F70800D2F3B0 /* StartSleepDetectTableViewController.m */,
				AB6AA2971A68F6CF00D2F3B0 /* ChangeWearableViewController.h */,
				AB6AA2981A68F6CF00D2F3B0 /* ChangeWearableViewController.m */,
				AB6AA2A11A68F7A900D2F3B0 /* AboutSleepViewController.h */,
				AB6AA2A21A68F7A900D2F3B0 /* AboutSleepViewController.m */,
				AB6AA2A41A68F7BB00D2F3B0 /* AboutSleepDetailViewController.h */,
				AB6AA2A51A68F7BB00D2F3B0 /* AboutSleepDetailViewController.m */,
				AB6AA2A81A68FB3300D2F3B0 /* DBManager */,
				AB6AA2A01A68F71200D2F3B0 /* CustomTableCell */,
				AB6AA27A1A68EC4E00D2F3B0 /* Plugin */,
				ABF07E801A67F94600000700 /* Images.xcassets */,
				ABF07E6F1A67F94600000700 /* Supporting Files */,
			);
			path = SleepAvatar;
			sourceTree = "<group>";
		};
		ABF07E6F1A67F94600000700 /* Supporting Files */ = {
			isa = PBXGroup;
			children = (
				AB6AA2AC1A68FBC400D2F3B0 /* sleepBehavior.sql */,
				ABF07E701A67F94600000700 /* SleepAvatar-Info.plist */,
				ABF07E711A67F94600000700 /* InfoPlist.strings */,
				ABF07E741A67F94600000700 /* main.m */,
				ABF07E761A67F94600000700 /* SleepAvatar-Prefix.pch */,
			);
			name = "Supporting Files";
			sourceTree = "<group>";
		};
		ABF07E8D1A67F94600000700 /* SleepAvatarTests */ = {
			isa = PBXGroup;
			children = (
				ABF07E931A67F94600000700 /* SleepAvatarTests.m */,
				ABF07E8E1A67F94600000700 /* Supporting Files */,
			);
			path = SleepAvatarTests;
			sourceTree = "<group>";
		};
		ABF07E8E1A67F94600000700 /* Supporting Files */ = {
			isa = PBXGroup;
			children = (
				ABF07E8F1A67F94600000700 /* SleepAvatarTests-Info.plist */,
				ABF07E901A67F94600000700 /* InfoPlist.strings */,
			);
			name = "Supporting Files";
			sourceTree = "<group>";
		};
/* End PBXGroup section */

/* Begin PBXNativeTarget section */
		ABF07E641A67F94500000700 /* SleepAvatar */ = {
			isa = PBXNativeTarget;
			buildConfigurationList = ABF07E971A67F94600000700 /* Build configuration list for PBXNativeTarget "SleepAvatar" */;
			buildPhases = (
				ABF07E611A67F94500000700 /* Sources */,
				ABF07E621A67F94500000700 /* Frameworks */,
				ABF07E631A67F94500000700 /* Resources */,
			);
			buildRules = (
			);
			dependencies = (
			);
			name = SleepAvatar;
			productName = SleepAvatar;
			productReference = ABF07E651A67F94500000700 /* SleepAvatar.app */;
			productType = "com.apple.product-type.application";
		};
		ABF07E851A67F94600000700 /* SleepAvatarTests */ = {
			isa = PBXNativeTarget;
			buildConfigurationList = ABF07E9A1A67F94600000700 /* Build configuration list for PBXNativeTarget "SleepAvatarTests" */;
			buildPhases = (
				ABF07E821A67F94600000700 /* Sources */,
				ABF07E831A67F94600000700 /* Frameworks */,
				ABF07E841A67F94600000700 /* Resources */,
			);
			buildRules = (
			);
			dependencies = (
				ABF07E8C1A67F94600000700 /* PBXTargetDependency */,
			);
			name = SleepAvatarTests;
			productName = SleepAvatarTests;
			productReference = ABF07E861A67F94600000700 /* SleepAvatarTests.xctest */;
			productType = "com.apple.product-type.bundle.unit-test";
		};
/* End PBXNativeTarget section */

/* Begin PBXProject section */
		ABF07E5D1A67F94500000700 /* Project object */ = {
			isa = PBXProject;
			attributes = {
				LastUpgradeCheck = 0510;
				ORGANIZATIONNAME = medunla;
				TargetAttributes = {
					ABF07E851A67F94600000700 = {
						TestTargetID = ABF07E641A67F94500000700;
					};
				};
			};
			buildConfigurationList = ABF07E601A67F94500000700 /* Build configuration list for PBXProject "SleepAvatar" */;
			compatibilityVersion = "Xcode 3.2";
			developmentRegion = English;
			hasScannedForEncodings = 0;
			knownRegions = (
				en,
				Base,
			);
			mainGroup = ABF07E5C1A67F94500000700;
			productRefGroup = ABF07E661A67F94500000700 /* Products */;
			projectDirPath = "";
			projectRoot = "";
			targets = (
				ABF07E641A67F94500000700 /* SleepAvatar */,
				ABF07E851A67F94600000700 /* SleepAvatarTests */,
			);
		};
/* End PBXProject section */

/* Begin PBXResourcesBuildPhase section */
		ABF07E631A67F94500000700 /* Resources */ = {
			isa = PBXResourcesBuildPhase;
			buildActionMask = 2147483647;
			files = (
				ABF07E811A67F94600000700 /* Images.xcassets in Resources */,
				ABF07E731A67F94600000700 /* InfoPlist.strings in Resources */,
				ABF07E7C1A67F94600000700 /* Main.storyboard in Resources */,
			);
			runOnlyForDeploymentPostprocessing = 0;
		};
		ABF07E841A67F94600000700 /* Resources */ = {
			isa = PBXResourcesBuildPhase;
			buildActionMask = 2147483647;
			files = (
				ABF07E921A67F94600000700 /* InfoPlist.strings in Resources */,
			);
			runOnlyForDeploymentPostprocessing = 0;
		};
/* End PBXResourcesBuildPhase section */

/* Begin PBXSourcesBuildPhase section */
		ABF07E611A67F94500000700 /* Sources */ = {
			isa = PBXSourcesBuildPhase;
			buildActionMask = 2147483647;
			files = (
				AB6AA29C1A68F6E900D2F3B0 /* StartSleepRecommendViewController.m in Sources */,
				AB6AA2A31A68F7A900D2F3B0 /* AboutSleepViewController.m in Sources */,
				ABF07E7F1A67F94600000700 /* ViewController.m in Sources */,
				ABF07E791A67F94600000700 /* AppDelegate.m in Sources */,
				AB6AA29F1A68F70800D2F3B0 /* StartSleepDetectTableViewController.m in Sources */,
				ABF07E751A67F94600000700 /* main.m in Sources */,
				AB6AA2991A68F6CF00D2F3B0 /* ChangeWearableViewController.m in Sources */,
				AB6AA27E1A68EC5D00D2F3B0 /* SWRevealViewController.m in Sources */,
				AB6AA28A1A68EECF00D2F3B0 /* MenuTableViewController.m in Sources */,
				AB6AA2AB1A68FB3300D2F3B0 /* DBManager.m in Sources */,
				AB6AA2901A68F56100D2F3B0 /* SleepGraphListTableViewController.m in Sources */,
				AB6AA2A61A68F7BB00D2F3B0 /* AboutSleepDetailViewController.m in Sources */,
				AB6AA2961A68F5FE00D2F3B0 /* SleepGraphDetailViewController.m in Sources */,
				AB6AA2AF1A68FD7D00D2F3B0 /* StartSleepDetectTableViewCell.m in Sources */,
				AB6AA2931A68F59D00D2F3B0 /* AchievementViewController.m in Sources */,
				AB6AA2871A68EEB000D2F3B0 /* AvatarViewController.m in Sources */,
			);
			runOnlyForDeploymentPostprocessing = 0;
		};
		ABF07E821A67F94600000700 /* Sources */ = {
			isa = PBXSourcesBuildPhase;
			buildActionMask = 2147483647;
			files = (
				ABF07E941A67F94600000700 /* SleepAvatarTests.m in Sources */,
			);
			runOnlyForDeploymentPostprocessing = 0;
		};
/* End PBXSourcesBuildPhase section */

/* Begin PBXTargetDependency section */
		ABF07E8C1A67F94600000700 /* PBXTargetDependency */ = {
			isa = PBXTargetDependency;
			target = ABF07E641A67F94500000700 /* SleepAvatar */;
			targetProxy = ABF07E8B1A67F94600000700 /* PBXContainerItemProxy */;
		};
/* End PBXTargetDependency section */

/* Begin PBXVariantGroup section */
		ABF07E711A67F94600000700 /* InfoPlist.strings */ = {
			isa = PBXVariantGroup;
			children = (
				ABF07E721A67F94600000700 /* en */,
			);
			name = InfoPlist.strings;
			sourceTree = "<group>";
		};
		ABF07E7A1A67F94600000700 /* Main.storyboard */ = {
			isa = PBXVariantGroup;
			children = (
				ABF07E7B1A67F94600000700 /* Base */,
			);
			name = Main.storyboard;
			sourceTree = "<group>";
		};
		ABF07E901A67F94600000700 /* InfoPlist.strings */ = {
			isa = PBXVariantGroup;
			children = (
				ABF07E911A67F94600000700 /* en */,
			);
			name = InfoPlist.strings;
			sourceTree = "<group>";
		};
/* End PBXVariantGroup section */

/* Begin XCBuildConfiguration section */
		ABF07E951A67F94600000700 /* Debug */ = {
			isa = XCBuildConfiguration;
			buildSettings = {
				ALWAYS_SEARCH_USER_PATHS = NO;
				CLANG_CXX_LANGUAGE_STANDARD = "gnu++0x";
				CLANG_CXX_LIBRARY = "libc++";
				CLANG_ENABLE_MODULES = YES;
				CLANG_ENABLE_OBJC_ARC = YES;
				CLANG_WARN_BOOL_CONVERSION = YES;
				CLANG_WARN_CONSTANT_CONVERSION = YES;
				CLANG_WARN_DIRECT_OBJC_ISA_USAGE = YES_ERROR;
				CLANG_WARN_EMPTY_BODY = YES;
				CLANG_WARN_ENUM_CONVERSION = YES;
				CLANG_WARN_INT_CONVERSION = YES;
				CLANG_WARN_OBJC_ROOT_CLASS = YES_ERROR;
				CLANG_WARN__DUPLICATE_METHOD_MATCH = YES;
				"CODE_SIGN_IDENTITY[sdk=iphoneos*]" = "iPhone Developer";
				COPY_PHASE_STRIP = NO;
				GCC_C_LANGUAGE_STANDARD = gnu99;
				GCC_DYNAMIC_NO_PIC = NO;
				GCC_OPTIMIZATION_LEVEL = 0;
				GCC_PREPROCESSOR_DEFINITIONS = (
					"DEBUG=1",
					"$(inherited)",
				);
				GCC_SYMBOLS_PRIVATE_EXTERN = NO;
				GCC_WARN_64_TO_32_BIT_CONVERSION = YES;
				GCC_WARN_ABOUT_RETURN_TYPE = YES_ERROR;
				GCC_WARN_UNDECLARED_SELECTOR = YES;
				GCC_WARN_UNINITIALIZED_AUTOS = YES_AGGRESSIVE;
				GCC_WARN_UNUSED_FUNCTION = YES;
				GCC_WARN_UNUSED_VARIABLE = YES;
				IPHONEOS_DEPLOYMENT_TARGET = 7.1;
				ONLY_ACTIVE_ARCH = YES;
				SDKROOT = iphoneos;
			};
			name = Debug;
		};
		ABF07E961A67F94600000700 /* Release */ = {
			isa = XCBuildConfiguration;
			buildSettings = {
				ALWAYS_SEARCH_USER_PATHS = NO;
				CLANG_CXX_LANGUAGE_STANDARD = "gnu++0x";
				CLANG_CXX_LIBRARY = "libc++";
				CLANG_ENABLE_MODULES = YES;
				CLANG_ENABLE_OBJC_ARC = YES;
				CLANG_WARN_BOOL_CONVERSION = YES;
				CLANG_WARN_CONSTANT_CONVERSION = YES;
				CLANG_WARN_DIRECT_OBJC_ISA_USAGE = YES_ERROR;
				CLANG_WARN_EMPTY_BODY = YES;
				CLANG_WARN_ENUM_CONVERSION = YES;
				CLANG_WARN_INT_CONVERSION = YES;
				CLANG_WARN_OBJC_ROOT_CLASS = YES_ERROR;
				CLANG_WARN__DUPLICATE_METHOD_MATCH = YES;
				"CODE_SIGN_IDENTITY[sdk=iphoneos*]" = "iPhone Developer";
				COPY_PHASE_STRIP = YES;
				ENABLE_NS_ASSERTIONS = NO;
				GCC_C_LANGUAGE_STANDARD = gnu99;
				GCC_WARN_64_TO_32_BIT_CONVERSION = YES;
				GCC_WARN_ABOUT_RETURN_TYPE = YES_ERROR;
				GCC_WARN_UNDECLARED_SELECTOR = YES;
				GCC_WARN_UNINITIALIZED_AUTOS = YES_AGGRESSIVE;
				GCC_WARN_UNUSED_FUNCTION = YES;
				GCC_WARN_UNUSED_VARIABLE = YES;
				IPHONEOS_DEPLOYMENT_TARGET = 7.1;
				SDKROOT = iphoneos;
				VALIDATE_PRODUCT = YES;
			};
			name = Release;
		};
		ABF07E981A67F94600000700 /* Debug */ = {
			isa = XCBuildConfiguration;
			buildSettings = {
				ASSETCATALOG_COMPILER_APPICON_NAME = AppIcon;
				ASSETCATALOG_COMPILER_LAUNCHIMAGE_NAME = LaunchImage;
				GCC_PRECOMPILE_PREFIX_HEADER = YES;
				GCC_PREFIX_HEADER = "SleepAvatar/SleepAvatar-Prefix.pch";
				INFOPLIST_FILE = "SleepAvatar/SleepAvatar-Info.plist";
				PRODUCT_NAME = "$(TARGET_NAME)";
				WRAPPER_EXTENSION = app;
			};
			name = Debug;
		};
		ABF07E991A67F94600000700 /* Release */ = {
			isa = XCBuildConfiguration;
			buildSettings = {
				ASSETCATALOG_COMPILER_APPICON_NAME = AppIcon;
				ASSETCATALOG_COMPILER_LAUNCHIMAGE_NAME = LaunchImage;
				GCC_PRECOMPILE_PREFIX_HEADER = YES;
				GCC_PREFIX_HEADER = "SleepAvatar/SleepAvatar-Prefix.pch";
				INFOPLIST_FILE = "SleepAvatar/SleepAvatar-Info.plist";
				PRODUCT_NAME = "$(TARGET_NAME)";
				WRAPPER_EXTENSION = app;
			};
			name = Release;
		};
		ABF07E9B1A67F94600000700 /* Debug */ = {
			isa = XCBuildConfiguration;
			buildSettings = {
				BUNDLE_LOADER = "$(BUILT_PRODUCTS_DIR)/SleepAvatar.app/SleepAvatar";
				FRAMEWORK_SEARCH_PATHS = (
					"$(SDKROOT)/Developer/Library/Frameworks",
					"$(inherited)",
					"$(DEVELOPER_FRAMEWORKS_DIR)",
				);
				GCC_PRECOMPILE_PREFIX_HEADER = YES;
				GCC_PREFIX_HEADER = "SleepAvatar/SleepAvatar-Prefix.pch";
				GCC_PREPROCESSOR_DEFINITIONS = (
					"DEBUG=1",
					"$(inherited)",
				);
				INFOPLIST_FILE = "SleepAvatarTests/SleepAvatarTests-Info.plist";
				PRODUCT_NAME = "$(TARGET_NAME)";
				TEST_HOST = "$(BUNDLE_LOADER)";
				WRAPPER_EXTENSION = xctest;
			};
			name = Debug;
		};
		ABF07E9C1A67F94600000700 /* Release */ = {
			isa = XCBuildConfiguration;
			buildSettings = {
				BUNDLE_LOADER = "$(BUILT_PRODUCTS_DIR)/SleepAvatar.app/SleepAvatar";
				FRAMEWORK_SEARCH_PATHS = (
					"$(SDKROOT)/Developer/Library/Frameworks",
					"$(inherited)",
					"$(DEVELOPER_FRAMEWORKS_DIR)",
				);
				GCC_PRECOMPILE_PREFIX_HEADER = YES;
				GCC_PREFIX_HEADER = "SleepAvatar/SleepAvatar-Prefix.pch";
				INFOPLIST_FILE = "SleepAvatarTests/SleepAvatarTests-Info.plist";
				PRODUCT_NAME = "$(TARGET_NAME)";
				TEST_HOST = "$(BUNDLE_LOADER)";
				WRAPPER_EXTENSION = xctest;
			};
			name = Release;
		};
/* End XCBuildConfiguration section */

/* Begin XCConfigurationList section */
		ABF07E601A67F94500000700 /* Build configuration list for PBXProject "SleepAvatar" */ = {
			isa = XCConfigurationList;
			buildConfigurations = (
				ABF07E951A67F94600000700 /* Debug */,
				ABF07E961A67F94600000700 /* Release */,
			);
			defaultConfigurationIsVisible = 0;
			defaultConfigurationName = Release;
		};
		ABF07E971A67F94600000700 /* Build configuration list for PBXNativeTarget "SleepAvatar" */ = {
			isa = XCConfigurationList;
			buildConfigurations = (
				ABF07E981A67F94600000700 /* Debug */,
				ABF07E991A67F94600000700 /* Release */,
			);
			defaultConfigurationIsVisible = 0;
			defaultConfigurationName = Release;
		};
		ABF07E9A1A67F94600000700 /* Build configuration list for PBXNativeTarget "SleepAvatarTests" */ = {
			isa = XCConfigurationList;
			buildConfigurations = (
				ABF07E9B1A67F94600000700 /* Debug */,
				ABF07E9C1A67F94600000700 /* Release */,
			);
			defaultConfigurationIsVisible = 0;
			defaultConfigurationName = Release;
		};
/* End XCConfigurationList section */
	};
	rootObject = ABF07E5D1A67F94500000700 /* Project object */;
}
